{
  "version": 4,
  "terraform_version": "1.15.8",
  "serial": 430,
  "lineage": "52607968-550a-28f9-013e-925260f57c83",
  "outputs": {
    "backend_repository_url": {
      "value": "111314928072.dkr.ecr.us-east-1.amazonaws.com/backend-img-tf",
      "type": "string"
    },
    "efs_dns_name": {
      "value": "fs-0976dd7458d8e8db4.efs.us-east-1.amazonaws.com",
      "type": "string"
    },
    "efs_id": {
      "value": "fs-0976dd7458d8e8db4",
      "type": "string"
    },
    "elb-dns-name": {
      "value": "alb-backend-tf-1927946289.us-east-1.elb.amazonaws.com",
      "type": "string"
    },
    "frontend_repository_url": {
      "value": "111314928072.dkr.ecr.us-east-1.amazonaws.com/frontend-img-tf",
      "type": "string"
    },
    "key_pair_name": {
      "value": "aws-ssh-key",
      "type": "string"
    }
  },
  "resources": [
    {
      "mode": "data",
      "type": "aws_iam_policy_document",
      "name": "assume_role",
      "provider": "provider[\"registry.terraform.io/hashicorp/aws\"]",
      "instances": [
        {
          "schema_version": 0,
          "attributes": {
            "id": "2851119427",
            "json": "{\n  \"Version\": \"2012-10-17\",\n  \"Statement\": [\n    {\n      \"Effect\": \"Allow\",\n      \"Action\": \"sts:AssumeRole\",\n      \"Principal\": {\n        \"Service\": \"ec2.amazonaws.com\"\n      }\n    }\n  ]\n}",
            "minified_json": "{\"Version\":\"2012-10-17\",\"Statement\":[{\"Effect\":\"Allow\",\"Action\":\"sts:AssumeRole\",\"Principal\":{\"Service\":\"ec2.amazonaws.com\"}}]}",
            "override_json": null,
            "override_policy_documents": null,
            "policy_id": null,
            "source_json": null,
            "source_policy_documents": null,
            "statement": [
              {
                "actions": [
                  "sts:AssumeRole"
                ],
                "condition": [],
                "effect": "Allow",
                "not_actions": [],
                "not_principals": [],
                "not_resources": [],
                "principals": [
                  {
                    "identifiers": [
                      "ec2.amazonaws.com"
                    ],
                    "type": "Service"
                  }
                ],
                "resources": [],
                "sid": ""
              }
            ],
            "version": "2012-10-17"
          },
          "sensitive_attributes": [],
          "identity_schema_version": 0
        }
      ]
    },
    {
      "mode": "data",
      "type": "aws_iam_policy_document",
      "name": "ssm_read_key",
      "provider": "provider[\"registry.terraform.io/hashicorp/aws\"]",
      "instances": [
        {
          "schema_version": 0,
          "attributes": {
            "id": "859820424",
            "json": "{\n  \"Version\": \"2012-10-17\",\n  \"Statement\": [\n    {\n      \"Effect\": \"Allow\",\n      \"Action\": \"ssm:GetParameter\",\n      \"Resource\": \"arn:aws:ssm:us-east-1:111314928072:parameter/ansible/deployer-key\"\n    }\n  ]\n}",
            "minified_json": "{\"Version\":\"2012-10-17\",\"Statement\":[{\"Effect\":\"Allow\",\"Action\":\"ssm:GetParameter\",\"Resource\":\"arn:aws:ssm:us-east-1:111314928072:parameter/ansible/deployer-key\"}]}",
            "override_json": null,
            "override_policy_documents": null,
            "policy_id": null,
            "source_json": null,
            "source_policy_documents": null,
            "statement": [
              {
                "actions": [
                  "ssm:GetParameter"
                ],
                "condition": [],
                "effect": "Allow",
                "not_actions": [],
                "not_principals": [],
                "not_resources": [],
                "principals": [],
                "resources": [
                  "arn:aws:ssm:us-east-1:111314928072:parameter/ansible/deployer-key"
                ],
                "sid": ""
              }
            ],
            "version": "2012-10-17"
          },
          "sensitive_attributes": [],
          "identity_schema_version": 0
        }
      ]
    },
    {
      "mode": "data",
      "type": "aws_ssm_parameter",
      "name": "ubuntu",
      "provider": "provider[\"registry.terraform.io/hashicorp/aws\"]",
      "instances": [
        {
          "schema_version": 0,
          "attributes": {
            "arn": "arn:aws:ssm:us-east-1::parameter/aws/service/canonical/ubuntu/server/26.04/stable/current/amd64/hvm/ebs-gp3/ami-id",
            "id": "/aws/service/canonical/ubuntu/server/26.04/stable/current/amd64/hvm/ebs-gp3/ami-id",
            "insecure_value": "ami-02ebdb11bae1b2486",
            "name": "/aws/service/canonical/ubuntu/server/26.04/stable/current/amd64/hvm/ebs-gp3/ami-id",
            "region": "us-east-1",
            "type": "String",
            "value": "ami-02ebdb11bae1b2486",
            "version": 10,
            "with_decryption": true
          },
          "sensitive_attributes": [
            [
              {
                "type": "get_attr",
                "value": "value"
              }
            ]
          ],
          "identity_schema_version": 0
        }
      ]
    },
    {
      "mode": "managed",
      "type": "aws_ecr_lifecycle_policy",
      "name": "backend-lifecycle",
      "provider": "provider[\"registry.terraform.io/hashicorp/aws\"]",
      "instances": [
        {
          "schema_version": 0,
          "attributes": {
            "id": "backend-img-tf",
            "policy": "{\"rules\":[{\"action\":{\"type\":\"expire\"},\"description\":\"Remove untagged images older than 5 days\",\"rulePriority\":1,\"selection\":{\"countNumber\":5,\"countType\":\"sinceImagePushed\",\"countUnit\":\"days\",\"tagStatus\":\"untagged\"}},{\"action\":{\"type\":\"expire\"},\"description\":\"Keep only the last 5 tagged images\",\"rulePriority\":2,\"selection\":{\"countNumber\":5,\"countType\":\"imageCountMoreThan\",\"tagPrefixList\":[\"v\",\"latest\"],\"tagStatus\":\"tagged\"}}]}",
            "region": "us-east-1",
            "registry_id": "111314928072",
            "repository": "backend-img-tf"
          },
          "sensitive_attributes": [],
          "identity_schema_version": 0,
          "identity": {
            "account_id": "111314928072",
            "region": "us-east-1",
            "repository": "backend-img-tf"
          },
          "private": "bnVsbA==",
          "dependencies": [
            "aws_ecr_repository.backend-img-param"
          ]
        }
      ]
    },
    {
      "mode": "managed",
      "type": "aws_ecr_repository",
      "name": "backend-img-param",
      "provider": "provider[\"registry.terraform.io/hashicorp/aws\"]",
      "instances": [
        {
          "schema_version": 0,
          "attributes": {
            "arn": "arn:aws:ecr:us-east-1:111314928072:repository/backend-img-tf",
            "encryption_configuration": [
              {
                "encryption_type": "AES256",
                "kms_key": ""
              }
            ],
            "force_delete": null,
            "id": "backend-img-tf",
            "image_scanning_configuration": [
              {
                "scan_on_push": true
              }
            ],
            "image_tag_mutability": "MUTABLE",
            "image_tag_mutability_exclusion_filter": [],
            "name": "backend-img-tf",
            "region": "us-east-1",
            "registry_id": "111314928072",
            "repository_url": "111314928072.dkr.ecr.us-east-1.amazonaws.com/backend-img-tf",
            "tags": {
              "Environment": "Lab",
              "ManagedBy": "Terraform"
            },
            "tags_all": {
              "Environment": "Lab",
              "ManagedBy": "Terraform"
            },
            "timeouts": null
          },
          "sensitive_attributes": [],
          "identity_schema_version": 0,
          "identity": {
            "account_id": "111314928072",
            "name": "backend-img-tf",
            "region": "us-east-1"
          },
          "private": "eyJlMmJmYjczMC1lY2FhLTExZTYtOGY4OC0zNDM2M2JjN2M0YzAiOnsiZGVsZXRlIjoxMjAwMDAwMDAwMDAwfX0="
        }
      ]
    },
    {
      "mode": "managed",
      "type": "aws_efs_file_system",
      "name": "efs-param",
      "provider": "provider[\"registry.terraform.io/hashicorp/aws\"]",
      "instances": [
        {
          "schema_version": 0,
          "attributes": {
            "arn": "arn:aws:elasticfilesystem:us-east-1:111314928072:file-system/fs-0976dd7458d8e8db4",
            "availability_zone_id": "",
            "availability_zone_name": "",
            "creation_token": "token-shared-storage",
            "dns_name": "fs-0976dd7458d8e8db4.efs.us-east-1.amazonaws.com",
            "encrypted": true,
            "id": "fs-0976dd7458d8e8db4",
            "kms_key_id": "arn:aws:kms:us-east-1:111314928072:key/2483a48c-2cf5-4a95-8128-616e2aed4247",
            "lifecycle_policy": [
              {
                "transition_to_archive": "",
                "transition_to_ia": "AFTER_30_DAYS",
                "transition_to_primary_storage_class": ""
              },
              {
                "transition_to_archive": "",
                "transition_to_ia": "",
                "transition_to_primary_storage_class": "AFTER_1_ACCESS"
              }
            ],
            "name": "efs-tf",
            "number_of_mount_targets": 2,
            "owner_id": "111314928072",
            "performance_mode": "generalPurpose",
            "protection": [
              {
                "replication_overwrite": "ENABLED"
              }
            ],
            "provisioned_throughput_in_mibps": 0,
            "region": "us-east-1",
            "size_in_bytes": [
              {
                "value": 6144,
                "value_in_ia": 0,
                "value_in_standard": 6144
              }
            ],
            "tags": {
              "Environment": "production",
              "ManagedBy": "terraform",
              "Name": "efs-tf"
            },
            "tags_all": {
              "Environment": "production",
              "ManagedBy": "terraform",
              "Name": "efs-tf"
            },
            "throughput_mode": "bursting"
          },
          "sensitive_attributes": [],
          "identity_schema_version": 0,
          "private": "bnVsbA=="
        }
      ]
    },
    {
      "mode": "managed",
      "type": "aws_efs_mount_target",
      "name": "efs-mount-target-param",
      "provider": "provider[\"registry.terraform.io/hashicorp/aws\"]",
      "instances": [
        {
          "index_key": "1a",
          "schema_version": 0,
          "attributes": {
            "availability_zone_id": "use1-az1",
            "availability_zone_name": "us-east-1a",
            "dns_name": "fs-0976dd7458d8e8db4.efs.us-east-1.amazonaws.com",
            "file_system_arn": "arn:aws:elasticfilesystem:us-east-1:111314928072:file-system/fs-0976dd7458d8e8db4",
            "file_system_id": "fs-0976dd7458d8e8db4",
            "id": "fsmt-0bbf1a64acb5b1d30",
            "ip_address": "10.0.3.197",
            "ip_address_type": "IPV4_ONLY",
            "ipv6_address": "",
            "mount_target_dns_name": "us-east-1a.fs-0976dd7458d8e8db4.efs.us-east-1.amazonaws.com",
            "network_interface_id": "eni-0832e54b006dd5698",
            "owner_id": "111314928072",
            "region": "us-east-1",
            "security_groups": [
              "sg-0cd8f5ee6aeeb082f"
            ],
            "subnet_id": "subnet-03659d4f814c1c4e4",
            "timeouts": null
          },
          "sensitive_attributes": [],
          "identity_schema_version": 0,
          "private": "eyJlMmJmYjczMC1lY2FhLTExZTYtOGY4OC0zNDM2M2JjN2M0YzAiOnsiY3JlYXRlIjoxODAwMDAwMDAwMDAwLCJkZWxldGUiOjYwMDAwMDAwMDAwMH19",
          "dependencies": [
            "aws_efs_file_system.efs-param",
            "aws_security_group.efs-sg-param",
            "aws_subnet.private-snet-param-1a",
            "aws_subnet.private-snet-param-1b",
            "aws_vpc.vpc_param"
          ]
        },
        {
          "index_key": "1b",
          "schema_version": 0,
          "attributes": {
            "availability_zone_id": "use1-az2",
            "availability_zone_name": "us-east-1b",
            "dns_name": "fs-0976dd7458d8e8db4.efs.us-east-1.amazonaws.com",
            "file_system_arn": "arn:aws:elasticfilesystem:us-east-1:111314928072:file-system/fs-0976dd7458d8e8db4",
            "file_system_id": "fs-0976dd7458d8e8db4",
            "id": "fsmt-0eb6a35ec6bcebd2f",
            "ip_address": "10.0.4.72",
            "ip_address_type": "IPV4_ONLY",
            "ipv6_address": "",
            "mount_target_dns_name": "us-east-1b.fs-0976dd7458d8e8db4.efs.us-east-1.amazonaws.com",
            "network_interface_id": "eni-0bb9bd0228b79edff",
            "owner_id": "111314928072",
            "region": "us-east-1",
            "security_groups": [
              "sg-0cd8f5ee6aeeb082f"
            ],
            "subnet_id": "subnet-009ca98f3f57f540a",
            "timeouts": null
          },
          "sensitive_attributes": [],
          "identity_schema_version": 0,
          "private": "eyJlMmJmYjczMC1lY2FhLTExZTYtOGY4OC0zNDM2M2JjN2M0YzAiOnsiY3JlYXRlIjoxODAwMDAwMDAwMDAwLCJkZWxldGUiOjYwMDAwMDAwMDAwMH19",
          "dependencies": [
            "aws_efs_file_system.efs-param",
            "aws_security_group.efs-sg-param",
            "aws_subnet.private-snet-param-1a",
            "aws_subnet.private-snet-param-1b",
            "aws_vpc.vpc_param"
          ]
        }
      ]
    },
    {
      "mode": "managed",
      "type": "aws_eip",
      "name": "eip_param",
      "provider": "provider[\"registry.terraform.io/hashicorp/aws\"]",
      "instances": [
        {
          "index_key": "1a",
          "schema_version": 0,
          "attributes": {
            "address": null,
            "allocation_id": "eipalloc-0fb62f587e4d3cb8d",
            "arn": "arn:aws:ec2:us-east-1:111314928072:elastic-ip/eipalloc-0fb62f587e4d3cb8d",
            "associate_with_private_ip": null,
            "association_id": "eipassoc-050e805fec00662ce",
            "carrier_ip": "",
            "customer_owned_ip": "",
            "customer_owned_ipv4_pool": "",
            "domain": "vpc",
            "id": "eipalloc-0fb62f587e4d3cb8d",
            "instance": "",
            "ipam_pool_id": "",
            "network_border_group": "us-east-1",
            "network_interface": "eni-0332203be534dab23",
            "private_dns": "ip-10-0-1-126.ec2.internal",
            "private_ip": "10.0.1.126",
            "ptr_record": "",
            "public_dns": "ec2-3-89-95-54.compute-1.amazonaws.com",
            "public_ip": "3.89.95.54",
            "public_ipv4_pool": "amazon",
            "region": "us-east-1",
            "tags": {
              "Name": "eip-tf-1a"
            },
            "tags_all": {
              "Name": "eip-tf-1a"
            },
            "timeouts": null
          },
          "sensitive_attributes": [],
          "identity_schema_version": 0,
          "identity": {
            "account_id": "111314928072",
            "id": "eipalloc-0fb62f587e4d3cb8d",
            "region": "us-east-1"
          },
          "private": "eyJlMmJmYjczMC1lY2FhLTExZTYtOGY4OC0zNDM2M2JjN2M0YzAiOnsiZGVsZXRlIjoxODAwMDAwMDAwMDAsInJlYWQiOjkwMDAwMDAwMDAwMCwidXBkYXRlIjozMDAwMDAwMDAwMDB9fQ==",
          "dependencies": [
            "aws_internet_gateway.igw_param",
            "aws_subnet.public-snet-param-1a",
            "aws_subnet.public-snet-param-1b",
            "aws_vpc.vpc_param"
          ]
        },
        {
          "index_key": "1b",
          "schema_version": 0,
          "attributes": {
            "address": null,
            "allocation_id": "eipalloc-0f3e19cecb8da748f",
            "arn": "arn:aws:ec2:us-east-1:111314928072:elastic-ip/eipalloc-0f3e19cecb8da748f",
            "associate_with_private_ip": null,
            "association_id": "eipassoc-0cfead9a3a322e657",
            "carrier_ip": "",
            "customer_owned_ip": "",
            "customer_owned_ipv4_pool": "",
            "domain": "vpc",
            "id": "eipalloc-0f3e19cecb8da748f",
            "instance": "",
            "ipam_pool_id": "",
            "network_border_group": "us-east-1",
            "network_interface": "eni-01b2769c52256760d",
            "private_dns": "ip-10-0-2-128.ec2.internal",
            "private_ip": "10.0.2.128",
            "ptr_record": "",
            "public_dns": "ec2-3-230-36-121.compute-1.amazonaws.com",
            "public_ip": "3.230.36.121",
            "public_ipv4_pool": "amazon",
            "region": "us-east-1",
            "tags": {
              "Name": "eip-tf-1b"
            },
            "tags_all": {
              "Name": "eip-tf-1b"
            },
            "timeouts": null
          },
          "sensitive_attributes": [],
          "identity_schema_version": 0,
          "identity": {
            "account_id": "111314928072",
            "id": "eipalloc-0f3e19cecb8da748f",
            "region": "us-east-1"
          },
          "private": "eyJlMmJmYjczMC1lY2FhLTExZTYtOGY4OC0zNDM2M2JjN2M0YzAiOnsiZGVsZXRlIjoxODAwMDAwMDAwMDAsInJlYWQiOjkwMDAwMDAwMDAwMCwidXBkYXRlIjozMDAwMDAwMDAwMDB9fQ==",
          "dependencies": [
            "aws_internet_gateway.igw_param",
            "aws_subnet.public-snet-param-1a",
            "aws_subnet.public-snet-param-1b",
            "aws_vpc.vpc_param"
          ]
        }
      ]
    },
    {
      "mode": "managed",
      "type": "aws_iam_instance_profile",
      "name": "ansible-profile-param",
      "provider": "provider[\"registry.terraform.io/hashicorp/aws\"]",
      "instances": [
        {
          "schema_version": 0,
          "attributes": {
            "arn": "arn:aws:iam::111314928072:instance-profile/ansible-profile-tf",
            "create_date": "2026-08-11T14:07:22Z",
            "id": "ansible-profile-tf",
            "name": "ansible-profile-tf",
            "name_prefix": "",
            "path": "/",
            "role": "ansible-role-tf",
            "tags": {},
            "tags_all": {},
            "unique_id": "AIPART2XDAHECID2IMEYK"
          },
          "sensitive_attributes": [],
          "identity_schema_version": 0,
          "identity": {
            "account_id": "111314928072",
            "name": "ansible-profile-tf"
          },
          "private": "bnVsbA==",
          "dependencies": [
            "aws_iam_role.ansible-role-param",
            "data.aws_iam_policy_document.assume_role"
          ]
        }
      ]
    },
    {
      "mode": "managed",
      "type": "aws_iam_instance_profile",
      "name": "ec2-profile-param",
      "provider": "provider[\"registry.terraform.io/hashicorp/aws\"]",
      "instances": [
        {
          "schema_version": 0,
          "attributes": {
            "arn": "arn:aws:iam::111314928072:instance-profile/ec2-ecr-profile-tf",
            "create_date": "2026-08-11T09:09:47Z",
            "id": "ec2-ecr-profile-tf",
            "name": "ec2-ecr-profile-tf",
            "name_prefix": "",
            "path": "/",
            "role": "ec2-ecr-role-tf",
            "tags": {},
            "tags_all": {},
            "unique_id": "AIPART2XDAHEG6H4CWHJD"
          },
          "sensitive_attributes": [],
          "identity_schema_version": 0,
          "identity": {
            "account_id": "111314928072",
            "name": "ec2-ecr-profile-tf"
          },
          "private": "bnVsbA==",
          "dependencies": [
            "aws_iam_role.ec2-ecr-role-param",
            "data.aws_iam_policy_document.assume_role"
          ]
        }
      ]
    },
    {
      "mode": "managed",
      "type": "aws_iam_role",
      "name": "ansible-role-param",
      "provider": "provider[\"registry.terraform.io/hashicorp/aws\"]",
      "instances": [
        {
          "schema_version": 0,
          "attributes": {
            "arn": "arn:aws:iam::111314928072:role/ansible-role-tf",
            "assume_role_policy": "{\"Statement\":[{\"Action\":\"sts:AssumeRole\",\"Effect\":\"Allow\",\"Principal\":{\"Service\":\"ec2.amazonaws.com\"}}],\"Version\":\"2012-10-17\"}",
            "create_date": "2026-08-11T14:07:21Z",
            "description": "",
            "force_detach_policies": false,
            "id": "ansible-role-tf",
            "inline_policy": [
              {
                "name": "ssm-read-ansible-key",
                "policy": "{\"Version\":\"2012-10-17\",\"Statement\":[{\"Action\":\"ssm:GetParameter\",\"Effect\":\"Allow\",\"Resource\":\"arn:aws:ssm:us-east-1:111314928072:parameter/ansible/deployer-key\"}]}"
              }
            ],
            "managed_policy_arns": [],
            "max_session_duration": 3600,
            "name": "ansible-role-tf",
            "name_prefix": "",
            "path": "/",
            "permissions_boundary": "",
            "tags": {
              "Name": "ansible-role-tf"
            },
            "tags_all": {
              "Name": "ansible-role-tf"
            },
            "unique_id": "AROART2XDAHELAW2LIKIG"
          },
          "sensitive_attributes": [],
          "identity_schema_version": 0,
          "identity": {
            "account_id": "111314928072",
            "name": "ansible-role-tf"
          },
          "private": "bnVsbA==",
          "dependencies": [
            "data.aws_iam_policy_document.assume_role"
          ]
        }
      ]
    },
    {
      "mode": "managed",
      "type": "aws_iam_role",
      "name": "ec2-ecr-role-param",
      "provider": "provider[\"registry.terraform.io/hashicorp/aws\"]",
      "instances": [
        {
          "schema_version": 0,
          "attributes": {
            "arn": "arn:aws:iam::111314928072:role/ec2-ecr-role-tf",
            "assume_role_policy": "{\"Statement\":[{\"Action\":\"sts:AssumeRole\",\"Effect\":\"Allow\",\"Principal\":{\"Service\":\"ec2.amazonaws.com\"}}],\"Version\":\"2012-10-17\"}",
            "create_date": "2026-08-11T09:09:46Z",
            "description": "",
            "force_detach_policies": false,
            "id": "ec2-ecr-role-tf",
            "inline_policy": [],
            "managed_policy_arns": [
              "arn:aws:iam::aws:policy/AmazonEC2ContainerRegistryReadOnly"
            ],
            "max_session_duration": 3600,
            "name": "ec2-ecr-role-tf",
            "name_prefix": "",
            "path": "/",
            "permissions_boundary": "",
            "tags": {
              "Name": "ec2-ecr-role-tf"
            },
            "tags_all": {
              "Name": "ec2-ecr-role-tf"
            },
            "unique_id": "AROART2XDAHENRXC26TXQ"
          },
          "sensitive_attributes": [],
          "identity_schema_version": 0,
          "identity": {
            "account_id": "111314928072",
            "name": "ec2-ecr-role-tf"
          },
          "private": "bnVsbA==",
          "dependencies": [
            "data.aws_iam_policy_document.assume_role"
          ]
        }
      ]
    },
    {
      "mode": "managed",
      "type": "aws_iam_role_policy",
      "name": "ssm-read-key-param",
      "provider": "provider[\"registry.terraform.io/hashicorp/aws\"]",
      "instances": [
        {
          "schema_version": 0,
          "attributes": {
            "id": "ansible-role-tf:ssm-read-ansible-key",
            "name": "ssm-read-ansible-key",
            "name_prefix": "",
            "policy": "{\"Version\":\"2012-10-17\",\"Statement\":[{\"Action\":\"ssm:GetParameter\",\"Effect\":\"Allow\",\"Resource\":\"arn:aws:ssm:us-east-1:111314928072:parameter/ansible/deployer-key\"}]}",
            "role": "ansible-role-tf"
          },
          "sensitive_attributes": [],
          "identity_schema_version": 0,
          "identity": {
            "account_id": "111314928072",
            "name": "ssm-read-ansible-key",
            "role": "ansible-role-tf"
          },
          "private": "bnVsbA==",
          "dependencies": [
            "aws_iam_role.ansible-role-param",
            "aws_ssm_parameter.ansible_private_key",
            "data.aws_iam_policy_document.assume_role",
            "data.aws_iam_policy_document.ssm_read_key",
            "tls_private_key.deployer"
          ]
        }
      ]
    },
    {
      "mode": "managed",
      "type": "aws_iam_role_policy_attachment",
      "name": "ecr-readonly-param",
      "provider": "provider[\"registry.terraform.io/hashicorp/aws\"]",
      "instances": [
        {
          "schema_version": 0,
          "attributes": {
            "id": "ec2-ecr-role-tf/arn:aws:iam::aws:policy/AmazonEC2ContainerRegistryReadOnly",
            "policy_arn": "arn:aws:iam::aws:policy/AmazonEC2ContainerRegistryReadOnly",
            "role": "ec2-ecr-role-tf"
          },
          "sensitive_attributes": [],
          "identity_schema_version": 0,
          "identity": {
            "account_id": "111314928072",
            "policy_arn": "arn:aws:iam::aws:policy/AmazonEC2ContainerRegistryReadOnly",
            "role": "ec2-ecr-role-tf"
          },
          "private": "bnVsbA==",
          "dependencies": [
            "aws_iam_role.ec2-ecr-role-param",
            "data.aws_iam_policy_document.assume_role"
          ]
        }
      ]
    },
    {
      "mode": "managed",
      "type": "aws_instance",
      "name": "ec2-ansible-param",
      "provider": "provider[\"registry.terraform.io/hashicorp/aws\"]",
      "instances": [
        {
          "schema_version": 2,
          "attributes": {
            "ami": "ami-02ebdb11bae1b2486",
            "arn": "arn:aws:ec2:us-east-1:111314928072:instance/i-048f091141e818b95",
            "associate_public_ip_address": true,
            "availability_zone": "us-east-1b",
            "capacity_reservation_specification": [
              {
                "capacity_reservation_preference": "open",
                "capacity_reservation_target": []
              }
            ],
            "cpu_options": [
              {
                "amd_sev_snp": "",
                "core_count": 1,
                "nested_virtualization": "",
                "threads_per_core": 2
              }
            ],
            "credit_specification": [
              {
                "cpu_credits": "unlimited"
              }
            ],
            "disable_api_stop": false,
            "disable_api_termination": false,
            "ebs_block_device": [],
            "ebs_optimized": false,
            "enable_primary_ipv6": null,
            "enclave_options": [
              {
                "enabled": false
              }
            ],
            "ephemeral_block_device": [],
            "force_destroy": false,
            "get_password_data": false,
            "hibernation": false,
            "host_id": "",
            "host_resource_group_arn": null,
            "iam_instance_profile": "ansible-profile-tf",
            "id": "i-048f091141e818b95",
            "instance_initiated_shutdown_behavior": "stop",
            "instance_lifecycle": "",
            "instance_market_options": [],
            "instance_state": "running",
            "instance_type": "t3.micro",
            "ipv6_address_count": 0,
            "ipv6_addresses": [],
            "key_name": "aws-ssh-key",
            "launch_template": [],
            "maintenance_options": [
              {
                "auto_recovery": "default"
              }
            ],
            "metadata_options": [
              {
                "http_endpoint": "enabled",
                "http_protocol_ipv6": "disabled",
                "http_put_response_hop_limit": 2,
                "http_tokens": "required",
                "instance_metadata_tags": "disabled"
              }
            ],
            "monitoring": false,
            "network_interface": [],
            "outpost_arn": "",
            "password_data": "",
            "placement_group": "",
            "placement_group_id": "",
            "placement_partition_number": 0,
            "primary_network_interface": [
              {
                "delete_on_termination": true,
                "network_interface_id": "eni-062fb5af1b996e12d"
              }
            ],
            "primary_network_interface_id": "eni-062fb5af1b996e12d",
            "private_dns": "ip-10-0-2-10.ec2.internal",
            "private_dns_name_options": [
              {
                "enable_resource_name_dns_a_record": false,
                "enable_resource_name_dns_aaaa_record": false,
                "hostname_type": "ip-name"
              }
            ],
            "private_ip": "10.0.2.10",
            "public_dns": "ec2-3-93-212-251.compute-1.amazonaws.com",
            "public_ip": "3.93.212.251",
            "region": "us-east-1",
            "root_block_device": [
              {
                "delete_on_termination": true,
                "device_name": "/dev/sda1",
                "encrypted": false,
                "iops": 3000,
                "kms_key_id": "",
                "tags": {},
                "tags_all": {},
                "throughput": 125,
                "volume_id": "vol-057a2a71220d2750c",
                "volume_size": 8,
                "volume_type": "gp3"
              }
            ],
            "secondary_network_interface": [],
            "secondary_private_ips": [],
            "security_groups": [],
            "source_dest_check": true,
            "spot_instance_request_id": "",
            "subnet_id": "subnet-0a51f4f8d5e70d6e8",
            "tags": {
              "Environment": "Lab",
              "ManagedBy": "Terraform",
              "Name": "ec2-tf-ansible-1a"
            },
            "tags_all": {
              "Environment": "Lab",
              "ManagedBy": "Terraform",
              "Name": "ec2-tf-ansible-1a"
            },
            "tenancy": "default",
            "timeouts": null,
            "user_data": "#!/bin/bash\napt-get update -y\napt-get install -y ansible\n\nmkdir -p /home/ubuntu/.ssh\necho \"-----BEGIN RSA PRIVATE KEY-----\nMIIJJwIBAAKCAgEAznOMR1NW3jN0zqvxnvcPEqpB8PhcpS2w8iB8KJX3dUN9Ma3R\nGIhJMKtnf7g98ohLMMDTnOgCLFE4AuMuvgOXKmZgwk7OGjlyappBevcVl99RP0Nk\nF2GXBSrG92Rg0s8WBqMiaSw8Z3q47tSvaiPwbaomz/1q98KQb1+LcAGeUUFGi7xD\noKq7ZhjO4vSrRJEhNMXycUIO2n8/humzSc10wVU0E1ug6gtm46GqDJ7t/vMv+FW6\nH3A5wKTenM2HoGJfpVOH22zoLDNr2P08Ch+jJfBg6nkZGsEkpB9tpideYiuuXag/\nsZI43mxdNMkwoULbA4jhV6VPKZhHTq8yTktAvKAMYGMbXZtKhLe7z5iEFk6cWg1Z\nz6aFNVfWLtRWAbwF60JkaYymOUsB1pzzCWR2Ci9neNG+fvdHrqkUp+IlmDtiMdJ7\n9LsqqxxHHKQdcCe2gJ1jkMBoCs5WHgtri2hHWmDYBIIX+wIE8wK2mt6aRg80LiJv\nn89ZEPulzQxgJ2oyj2s6kMRwkqxlPxHp33PaW6iCCchSxAGZ/VGXhHfd0eXG6VU6\na4tOmNCXa6eCHpNABLwJRVXDY5w7iLZ/TUHVUtV4DtHYbYG4lzD0kNuZuP/5hb48\nrlVh2IY43dvH3h+JG6C9Md4/0R96pTxJx3E3KuT4JtxCs09duUkPaug/aqsCAwEA\nAQKCAf8LSkZhoC0f+bBpnP2Zs+kfHDB+/RYT8mu60gv4LDtcLlSqYtcMgGeAQd9n\nHKxGly2FfQYVjpqP0eE+Ry5HNesOZorkFWswA/Q94DG0h86mf4/x5b2TicK4hZ5b\n6SFiZfDObB11ovWqswtqBDeTlmOPm76DoVg4NGuxq4f0mCIQT4GMIr+QCcY1zyWB\nQ+AZ39XxDOI1T2eAi3Tt69niL1ozOHWgmWIzamw2BqFGD2r0hlgZPJbxITIHVvzV\nlmfUXYzdfbPwTARmZml/dFnUM+a4LG0gZX7595YJY66bZ4vB0qG2fXz+OQDjKQnv\n2RDPwNg5WUL5iBDMNYewxeP6ZCMmFGvM0Xza9fg54MidoHSeSqde/IElMJLLKezS\nk72Hv7HKrD87AU7audHlS5E24Iuw91NupV/idrO7pKMFOsFaP6bJoPpQ/LEZ4Eit\nbm2O7fKK+wsA/Bp8gCpLlPNDamLlD2qyEr/hbCPNOMY0dr2P7sgxMU/GrQPg9w7/\nPZ3od3cHaMk8uQB5HK0WJX/tOnvWhdBuOVduX+TwzcLDvmRzWBxBCLNPzClgS2U7\nGV9iR3GcvmCx/b24nNdYmPIvRTOq+jf1FBLB5mFaV6xfcHEm9iT08GAzu7JzU6o4\ne7nAr1/EWkj/quBdrpiE+ZQkXI62kVneSFCKCObIqJQ20atBAoIBAQDy5hinlQvh\nvllul7VjoVis+r9GDrsRT998BMEPEVFdtyGr1fHzr18cTaIQ0OmAahoLJAhZc7LS\nadII/ntB14azhp79L6FVSKaHpP5YgE3TuDbCNlW2kJ+K+6HZ07zLC07JyTrr008V\nrv+/hLBNpPk7ogY35maU22PA02cBlTyIcLJEdOdy1XVsTwZNVPGhFoPdadoXy2G0\ndHkVR+ha9RLEa34YlaLPFKpBA/3dC81+cTmuhlJWgUK4JYgXG+MTEHj5LhGYradU\n3IkfbbtHpbJM6DY+OEp07wv4FB0jPUnR0KorQ0g+UXw+ZyX4wcAxlBHzA7pvwPle\nhMx7UzUymIXbAoIBAQDZljERsNvPCMBbP6T8ua/4FXzJkdEIERGFiIkosHCRDgwD\nkDwhZyK0qNcDqxfD3PkRqd6yrs8aI2iZUy8SHtqaEcSQceZTcrENl/7uQeTvURRQ\ndqg+vITJuaVj9hERWvEjpYnE/F+i0dpdPGY2hxvx2QPPCcu+Tva796m2bMTIpoQF\nlUSWYK10Nym53Lvv1On2BsFG+2d+DXd4oKUsUuiE0HriDC1YJHiBd4lRtqCX9Vnp\nH36JkIgi8i91ea9ejx+5yy6mUljzfADaMJypoBGbW/KMOKsG3SeMCHTeGIzLZwi9\nqlg0gAGGWPTUBePFIbs57HMgBPyx7ocih65upY9xAoIBAQDhnczEzHLO6ooTaaM4\nucOuWPKV1lT4TaKehaP1pPZZACOsgvtMiFbl6U5iJErf1q3+Lyf6PreZLmXDqO1A\nSTt7Qc4oCrfmiab1U9JUzkh8Ih3q46FWBJvM8tJxjHVOfGBgmiO6rPpGf9haQpuo\nY1aFh4gTIFWkauwLTdHd7IrfiR5s69GYHqIFSpnl9sLCCDHP1eSYOXe1sIJPvA0d\nf4pBHD9yAnvJsb46ycRiL/ZePjl/3JBafZJFjccNAAA50xErExmRIavN7VMI+Fn+\nwPAO85p+zLaMSwZpFfXCp8kLtLB7ovFVwUaQiCsDFqS46HqLqajg6PQ4UU3GN5Gw\nP3AFAoIBAFOedqkX0MGV2Wa35M4DBm9OwrAsS6rP9G3e9OcgN4JnZZKRAarMmffX\n0xnjzLRG3ak+IQmGSK0A4pfZ8gMCvHvtTB8+xodXUlepDB3AURzvieEKWMoTZOyp\nXbg2voRu8LEEUxfS7WYDQ+oE5jsaXVDqV55fY191tTizixNCZbW+2InUvZEVAlPh\nRzXYcJlQt8EHA4wl3bYBsuI2yoNoMVepTzBEAcEX8v++UpWGm90KO01t/xEa7FaR\nwE9jPlQWqNicDwd4KhsYkrNHb0146ItOIL5moMN4hlQ4g8E+qg0ZQbCyIEe80dkx\nopVA1jHSLsOp7OxnPj2bL2/DuPNoyOECggEAQWCcA1cIlBely9gYY5d+3gCMoLDz\nvAW5P9YrOq+NXfZyFTUnZchLdOugzQdXEcF4vld097SoVNepLrErrI7O0qZ/LKQ5\nwyao/fbDtqe9JFLz86/hdVZGc12B0v9Ehkfgh4/+WxaYYFJVBq51POY1+GQpyAhz\nJpaMGhblnuH3+APtPCWzA38+NCc6fb5kHjrJLvWnV3OkdcHZpcQaH7r/ktjHYR+8\njRENf/pYecjYjVB95lJwJoa0gshKnlUTH2cxVrgIe3iRnkWmDJ81XT05a/Vg/lNb\npNu151be/eYCRb99PpUUacBc0jk0UysWmjXyGAEHVJV0yU6CjXx51E9pPw==\n-----END RSA PRIVATE KEY-----\n\" \u003e /home/ubuntu/.ssh/aws-ssh-key.pem\nchown -R ubuntu:ubuntu /home/ubuntu/.ssh\nchmod 700 /home/ubuntu/.ssh\nchmod 600 /home/ubuntu/.ssh/aws-ssh-key.pem \n",
            "user_data_base64": null,
            "user_data_replace_on_change": false,
            "volume_tags": null,
            "vpc_security_group_ids": [
              "sg-03b5f9636f79923c0"
            ]
          },
          "sensitive_attributes": [
            [
              {
                "type": "get_attr",
                "value": "ami"
              }
            ],
            [
              {
                "type": "get_attr",
                "value": "user_data"
              }
            ]
          ],
          "identity_schema_version": 0,
          "identity": {
            "account_id": "111314928072",
            "id": "i-048f091141e818b95",
            "region": "us-east-1"
          },
          "private": "eyJlMmJmYjczMC1lY2FhLTExZTYtOGY4OC0zNDM2M2JjN2M0YzAiOnsiY3JlYXRlIjo2MDAwMDAwMDAwMDAsImRlbGV0ZSI6MTIwMDAwMDAwMDAwMCwicmVhZCI6OTAwMDAwMDAwMDAwLCJ1cGRhdGUiOjYwMDAwMDAwMDAwMH0sInNjaGVtYV92ZXJzaW9uIjoiMiJ9",
          "dependencies": [
            "aws_iam_instance_profile.ansible-profile-param",
            "aws_iam_role.ansible-role-param",
            "aws_key_pair.deployer",
            "aws_security_group.ansible-sg-param",
            "aws_ssm_parameter.ansible_private_key",
            "aws_subnet.public-snet-param-1b",
            "aws_vpc.vpc_param",
            "data.aws_iam_policy_document.assume_role",
            "data.aws_ssm_parameter.ubuntu",
            "tls_private_key.deployer"
          ]
        }
      ]
    },
    {
      "mode": "managed",
      "type": "aws_instance",
      "name": "ec2-backend-param",
      "provider": "provider[\"registry.terraform.io/hashicorp/aws\"]",
      "instances": [
        {
          "index_key": "1a",
          "schema_version": 2,
          "attributes": {
            "ami": "ami-02ebdb11bae1b2486",
            "arn": "arn:aws:ec2:us-east-1:111314928072:instance/i-00ac1ddb98d0866cf",
            "associate_public_ip_address": false,
            "availability_zone": "us-east-1a",
            "capacity_reservation_specification": [
              {
                "capacity_reservation_preference": "open",
                "capacity_reservation_target": []
              }
            ],
            "cpu_options": [
              {
                "amd_sev_snp": "",
                "core_count": 1,
                "nested_virtualization": "",
                "threads_per_core": 2
              }
            ],
            "credit_specification": [
              {
                "cpu_credits": "unlimited"
              }
            ],
            "disable_api_stop": false,
            "disable_api_termination": false,
            "ebs_block_device": [],
            "ebs_optimized": false,
            "enable_primary_ipv6": null,
            "enclave_options": [
              {
                "enabled": false
              }
            ],
            "ephemeral_block_device": [],
            "force_destroy": false,
            "get_password_data": false,
            "hibernation": false,
            "host_id": "",
            "host_resource_group_arn": null,
            "iam_instance_profile": "ec2-ecr-profile-tf",
            "id": "i-00ac1ddb98d0866cf",
            "instance_initiated_shutdown_behavior": "stop",
            "instance_lifecycle": "",
            "instance_market_options": [],
            "instance_state": "running",
            "instance_type": "t3.micro",
            "ipv6_address_count": 0,
            "ipv6_addresses": [],
            "key_name": "aws-ssh-key",
            "launch_template": [],
            "maintenance_options": [
              {
                "auto_recovery": "default"
              }
            ],
            "metadata_options": [
              {
                "http_endpoint": "enabled",
                "http_protocol_ipv6": "disabled",
                "http_put_response_hop_limit": 2,
                "http_tokens": "required",
                "instance_metadata_tags": "disabled"
              }
            ],
            "monitoring": false,
            "network_interface": [],
            "outpost_arn": "",
            "password_data": "",
            "placement_group": "",
            "placement_group_id": "",
            "placement_partition_number": 0,
            "primary_network_interface": [
              {
                "delete_on_termination": true,
                "network_interface_id": "eni-0d68a0e2f1badf623"
              }
            ],
            "primary_network_interface_id": "eni-0d68a0e2f1badf623",
            "private_dns": "ip-10-0-3-252.ec2.internal",
            "private_dns_name_options": [
              {
                "enable_resource_name_dns_a_record": false,
                "enable_resource_name_dns_aaaa_record": false,
                "hostname_type": "ip-name"
              }
            ],
            "private_ip": "10.0.3.252",
            "public_dns": "",
            "public_ip": "",
            "region": "us-east-1",
            "root_block_device": [
              {
                "delete_on_termination": true,
                "device_name": "/dev/sda1",
                "encrypted": false,
                "iops": 3000,
                "kms_key_id": "",
                "tags": {},
                "tags_all": {},
                "throughput": 125,
                "volume_id": "vol-0b4b6c1e03a64bb4c",
                "volume_size": 8,
                "volume_type": "gp3"
              }
            ],
            "secondary_network_interface": [],
            "secondary_private_ips": [],
            "security_groups": [],
            "source_dest_check": true,
            "spot_instance_request_id": "",
            "subnet_id": "subnet-03659d4f814c1c4e4",
            "tags": {
              "Environment": "Lab",
              "ManagedBy": "Terraform",
              "Name": "ec2-tf-backend-1a"
            },
            "tags_all": {
              "Environment": "Lab",
              "ManagedBy": "Terraform",
              "Name": "ec2-tf-backend-1a"
            },
            "tenancy": "default",
            "timeouts": null,
            "user_data": "#!/bin/bash\napt-get update -y\napt-get install -y nfs-common\n\nmkdir -p /mnt/efs\nmount -t nfs4 -o nfsvers=4.1,rsize=1048576,wsize=1048576,hard,timeo=600,retrans=2,noresvport fs-0976dd7458d8e8db4.efs.us-east-1.amazonaws.com:/ /mnt/efs\n\necho \"fs-0976dd7458d8e8db4.efs.us-east-1.amazonaws.com:/ /mnt/efs nfs4 nfsvers=4.1,rsize=1048576,wsize=1048576,hard,timeo=600,retrans=2,noresvport,_netdev 0 0\" \u003e\u003e /etc/fstab\n\nchown ubuntu:ubuntu /mnt/efs\nchmod 775 /mnt/efs\n\nuseradd -m -s /bin/bash ansible\nusermod -aG sudo ansible\nmkdir -p /home/ansible/.ssh\necho \"ssh-rsa AAAAB3NzaC1yc2EAAAADAQABAAACAQDOc4xHU1beM3TOq/Ge9w8SqkHw+FylLbDyIHwolfd1Q30xrdEYiEkwq2d/uD3yiEswwNOc6AIsUTgC4y6+A5cqZmDCTs4aOXJqmkF69xWX31E/Q2QXYZcFKsb3ZGDSzxYGoyJpLDxnerju1K9qI/BtqibP/Wr3wpBvX4twAZ5RQUaLvEOgqrtmGM7i9KtEkSE0xfJxQg7afz+G6bNJzXTBVTQTW6DqC2bjoaoMnu3+8y/4VbofcDnApN6czYegYl+lU4fbbOgsM2vY/TwKH6Ml8GDqeRkawSSkH22mJ15iK65dqD+xkjjebF00yTChQtsDiOFXpU8pmEdOrzJOS0C8oAxgYxtdm0qEt7vPmIQWTpxaDVnPpoU1V9Yu1FYBvAXrQmRpjKY5SwHWnPMJZHYKL2d40b5+90euqRSn4iWYO2Ix0nv0uyqrHEccpB1wJ7aAnWOQwGgKzlYeC2uLaEdaYNgEghf7AgTzAraa3ppGDzQuIm+fz1kQ+6XNDGAnajKPazqQxHCSrGU/Eenfc9pbqIIJyFLEAZn9UZeEd93R5cbpVTpri06Y0Jdrp4Iek0AEvAlFVcNjnDuItn9NQdVS1XgO0dhtgbiXMPSQ25m4//mFvjyuVWHYhjjd28feH4kboL0x3j/RH3qlPEnHcTcq5Pgm3EKzT125SQ9q6D9qqw==\n\" \u003e /home/ansible/.ssh/authorized_keys\nchown -R ansible:ansible /home/ansible/.ssh\nchmod 700 /home/ansible/.ssh\nchmod 600 /home/ansible/.ssh/authorized_keys\necho \"ansible ALL=(ALL) NOPASSWD:ALL\" \u003e\u003e /etc/sudoers\n",
            "user_data_base64": null,
            "user_data_replace_on_change": false,
            "volume_tags": null,
            "vpc_security_group_ids": [
              "sg-0a3e806ad2b5fa58f"
            ]
          },
          "sensitive_attributes": [
            [
              {
                "type": "get_attr",
                "value": "ami"
              }
            ]
          ],
          "identity_schema_version": 0,
          "identity": {
            "account_id": "111314928072",
            "id": "i-00ac1ddb98d0866cf",
            "region": "us-east-1"
          },
          "private": "eyJlMmJmYjczMC1lY2FhLTExZTYtOGY4OC0zNDM2M2JjN2M0YzAiOnsiY3JlYXRlIjo2MDAwMDAwMDAwMDAsImRlbGV0ZSI6MTIwMDAwMDAwMDAwMCwicmVhZCI6OTAwMDAwMDAwMDAwLCJ1cGRhdGUiOjYwMDAwMDAwMDAwMH0sInNjaGVtYV92ZXJzaW9uIjoiMiJ9",
          "dependencies": [
            "aws_efs_file_system.efs-param",
            "aws_efs_mount_target.efs-mount-target-param",
            "aws_iam_instance_profile.ec2-profile-param",
            "aws_iam_role.ec2-ecr-role-param",
            "aws_key_pair.deployer",
            "aws_security_group.backend-sg-param",
            "aws_security_group.efs-sg-param",
            "aws_subnet.private-snet-param-1a",
            "aws_subnet.private-snet-param-1b",
            "aws_vpc.vpc_param",
            "data.aws_iam_policy_document.assume_role",
            "data.aws_ssm_parameter.ubuntu",
            "tls_private_key.deployer"
          ]
        },
        {
          "index_key": "1b",
          "schema_version": 2,
          "attributes": {
            "ami": "ami-02ebdb11bae1b2486",
            "arn": "arn:aws:ec2:us-east-1:111314928072:instance/i-08baba3e8f4e11ddb",
            "associate_public_ip_address": false,
            "availability_zone": "us-east-1b",
            "capacity_reservation_specification": [
              {
                "capacity_reservation_preference": "open",
                "capacity_reservation_target": []
              }
            ],
            "cpu_options": [
              {
                "amd_sev_snp": "",
                "core_count": 1,
                "nested_virtualization": "",
                "threads_per_core": 2
              }
            ],
            "credit_specification": [
              {
                "cpu_credits": "unlimited"
              }
            ],
            "disable_api_stop": false,
            "disable_api_termination": false,
            "ebs_block_device": [],
            "ebs_optimized": false,
            "enable_primary_ipv6": null,
            "enclave_options": [
              {
                "enabled": false
              }
            ],
            "ephemeral_block_device": [],
            "force_destroy": false,
            "get_password_data": false,
            "hibernation": false,
            "host_id": "",
            "host_resource_group_arn": null,
            "iam_instance_profile": "ec2-ecr-profile-tf",
            "id": "i-08baba3e8f4e11ddb",
            "instance_initiated_shutdown_behavior": "stop",
            "instance_lifecycle": "",
            "instance_market_options": [],
            "instance_state": "running",
            "instance_type": "t3.micro",
            "ipv6_address_count": 0,
            "ipv6_addresses": [],
            "key_name": "aws-ssh-key",
            "launch_template": [],
            "maintenance_options": [
              {
                "auto_recovery": "default"
              }
            ],
            "metadata_options": [
              {
                "http_endpoint": "enabled",
                "http_protocol_ipv6": "disabled",
                "http_put_response_hop_limit": 2,
                "http_tokens": "required",
                "instance_metadata_tags": "disabled"
              }
            ],
            "monitoring": false,
            "network_interface": [],
            "outpost_arn": "",
            "password_data": "",
            "placement_group": "",
            "placement_group_id": "",
            "placement_partition_number": 0,
            "primary_network_interface": [
              {
                "delete_on_termination": true,
                "network_interface_id": "eni-070dfc719d44b1226"
              }
            ],
            "primary_network_interface_id": "eni-070dfc719d44b1226",
            "private_dns": "ip-10-0-4-107.ec2.internal",
            "private_dns_name_options": [
              {
                "enable_resource_name_dns_a_record": false,
                "enable_resource_name_dns_aaaa_record": false,
                "hostname_type": "ip-name"
              }
            ],
            "private_ip": "10.0.4.107",
            "public_dns": "",
            "public_ip": "",
            "region": "us-east-1",
            "root_block_device": [
              {
                "delete_on_termination": true,
                "device_name": "/dev/sda1",
                "encrypted": false,
                "iops": 3000,
                "kms_key_id": "",
                "tags": {},
                "tags_all": {},
                "throughput": 125,
                "volume_id": "vol-0a8ef6e511ed4980a",
                "volume_size": 8,
                "volume_type": "gp3"
              }
            ],
            "secondary_network_interface": [],
            "secondary_private_ips": [],
            "security_groups": [],
            "source_dest_check": true,
            "spot_instance_request_id": "",
            "subnet_id": "subnet-009ca98f3f57f540a",
            "tags": {
              "Environment": "Lab",
              "ManagedBy": "Terraform",
              "Name": "ec2-tf-backend-1b"
            },
            "tags_all": {
              "Environment": "Lab",
              "ManagedBy": "Terraform",
              "Name": "ec2-tf-backend-1b"
            },
            "tenancy": "default",
            "timeouts": null,
            "user_data": "#!/bin/bash\napt-get update -y\napt-get install -y nfs-common\n\nmkdir -p /mnt/efs\nmount -t nfs4 -o nfsvers=4.1,rsize=1048576,wsize=1048576,hard,timeo=600,retrans=2,noresvport fs-0976dd7458d8e8db4.efs.us-east-1.amazonaws.com:/ /mnt/efs\n\necho \"fs-0976dd7458d8e8db4.efs.us-east-1.amazonaws.com:/ /mnt/efs nfs4 nfsvers=4.1,rsize=1048576,wsize=1048576,hard,timeo=600,retrans=2,noresvport,_netdev 0 0\" \u003e\u003e /etc/fstab\n\nchown ubuntu:ubuntu /mnt/efs\nchmod 775 /mnt/efs\n\nuseradd -m -s /bin/bash ansible\nusermod -aG sudo ansible\nmkdir -p /home/ansible/.ssh\necho \"ssh-rsa AAAAB3NzaC1yc2EAAAADAQABAAACAQDOc4xHU1beM3TOq/Ge9w8SqkHw+FylLbDyIHwolfd1Q30xrdEYiEkwq2d/uD3yiEswwNOc6AIsUTgC4y6+A5cqZmDCTs4aOXJqmkF69xWX31E/Q2QXYZcFKsb3ZGDSzxYGoyJpLDxnerju1K9qI/BtqibP/Wr3wpBvX4twAZ5RQUaLvEOgqrtmGM7i9KtEkSE0xfJxQg7afz+G6bNJzXTBVTQTW6DqC2bjoaoMnu3+8y/4VbofcDnApN6czYegYl+lU4fbbOgsM2vY/TwKH6Ml8GDqeRkawSSkH22mJ15iK65dqD+xkjjebF00yTChQtsDiOFXpU8pmEdOrzJOS0C8oAxgYxtdm0qEt7vPmIQWTpxaDVnPpoU1V9Yu1FYBvAXrQmRpjKY5SwHWnPMJZHYKL2d40b5+90euqRSn4iWYO2Ix0nv0uyqrHEccpB1wJ7aAnWOQwGgKzlYeC2uLaEdaYNgEghf7AgTzAraa3ppGDzQuIm+fz1kQ+6XNDGAnajKPazqQxHCSrGU/Eenfc9pbqIIJyFLEAZn9UZeEd93R5cbpVTpri06Y0Jdrp4Iek0AEvAlFVcNjnDuItn9NQdVS1XgO0dhtgbiXMPSQ25m4//mFvjyuVWHYhjjd28feH4kboL0x3j/RH3qlPEnHcTcq5Pgm3EKzT125SQ9q6D9qqw==\n\" \u003e /home/ansible/.ssh/authorized_keys\nchown -R ansible:ansible /home/ansible/.ssh\nchmod 700 /home/ansible/.ssh\nchmod 600 /home/ansible/.ssh/authorized_keys\necho \"ansible ALL=(ALL) NOPASSWD:ALL\" \u003e\u003e /etc/sudoers\n",
            "user_data_base64": null,
            "user_data_replace_on_change": false,
            "volume_tags": null,
            "vpc_security_group_ids": [
              "sg-0a3e806ad2b5fa58f"
            ]
          },
          "sensitive_attributes": [
            [
              {
                "type": "get_attr",
                "value": "ami"
              }
            ]
          ],
          "identity_schema_version": 0,
          "identity": {
            "account_id": "111314928072",
            "id": "i-08baba3e8f4e11ddb",
            "region": "us-east-1"
          },
          "private": "eyJlMmJmYjczMC1lY2FhLTExZTYtOGY4OC0zNDM2M2JjN2M0YzAiOnsiY3JlYXRlIjo2MDAwMDAwMDAwMDAsImRlbGV0ZSI6MTIwMDAwMDAwMDAwMCwicmVhZCI6OTAwMDAwMDAwMDAwLCJ1cGRhdGUiOjYwMDAwMDAwMDAwMH0sInNjaGVtYV92ZXJzaW9uIjoiMiJ9",
          "dependencies": [
            "aws_efs_file_system.efs-param",
            "aws_efs_mount_target.efs-mount-target-param",
            "aws_iam_instance_profile.ec2-profile-param",
            "aws_iam_role.ec2-ecr-role-param",
            "aws_key_pair.deployer",
            "aws_security_group.backend-sg-param",
            "aws_security_group.efs-sg-param",
            "aws_subnet.private-snet-param-1a",
            "aws_subnet.private-snet-param-1b",
            "aws_vpc.vpc_param",
            "data.aws_iam_policy_document.assume_role",
            "data.aws_ssm_parameter.ubuntu",
            "tls_private_key.deployer"
          ]
        }
      ]
    },
    {
      "mode": "managed",
      "type": "aws_instance",
      "name": "ec2-frontend-param",
      "provider": "provider[\"registry.terraform.io/hashicorp/aws\"]",
      "instances": [
        {
          "schema_version": 2,
          "attributes": {
            "ami": "ami-02ebdb11bae1b2486",
            "arn": "arn:aws:ec2:us-east-1:111314928072:instance/i-0e3e59841e5470e13",
            "associate_public_ip_address": true,
            "availability_zone": "us-east-1a",
            "capacity_reservation_specification": [
              {
                "capacity_reservation_preference": "open",
                "capacity_reservation_target": []
              }
            ],
            "cpu_options": [
              {
                "amd_sev_snp": "",
                "core_count": 1,
                "nested_virtualization": "",
                "threads_per_core": 2
              }
            ],
            "credit_specification": [
              {
                "cpu_credits": "unlimited"
              }
            ],
            "disable_api_stop": false,
            "disable_api_termination": false,
            "ebs_block_device": [],
            "ebs_optimized": false,
            "enable_primary_ipv6": null,
            "enclave_options": [
              {
                "enabled": false
              }
            ],
            "ephemeral_block_device": [],
            "force_destroy": false,
            "get_password_data": false,
            "hibernation": false,
            "host_id": "",
            "host_resource_group_arn": null,
            "iam_instance_profile": "ec2-ecr-profile-tf",
            "id": "i-0e3e59841e5470e13",
            "instance_initiated_shutdown_behavior": "stop",
            "instance_lifecycle": "",
            "instance_market_options": [],
            "instance_state": "running",
            "instance_type": "t3.micro",
            "ipv6_address_count": 0,
            "ipv6_addresses": [],
            "key_name": "aws-ssh-key",
            "launch_template": [],
            "maintenance_options": [
              {
                "auto_recovery": "default"
              }
            ],
            "metadata_options": [
              {
                "http_endpoint": "enabled",
                "http_protocol_ipv6": "disabled",
                "http_put_response_hop_limit": 2,
                "http_tokens": "required",
                "instance_metadata_tags": "disabled"
              }
            ],
            "monitoring": false,
            "network_interface": [],
            "outpost_arn": "",
            "password_data": "",
            "placement_group": "",
            "placement_group_id": "",
            "placement_partition_number": 0,
            "primary_network_interface": [
              {
                "delete_on_termination": true,
                "network_interface_id": "eni-043c37bda13d06b9f"
              }
            ],
            "primary_network_interface_id": "eni-043c37bda13d06b9f",
            "private_dns": "ip-10-0-1-186.ec2.internal",
            "private_dns_name_options": [
              {
                "enable_resource_name_dns_a_record": false,
                "enable_resource_name_dns_aaaa_record": false,
                "hostname_type": "ip-name"
              }
            ],
            "private_ip": "10.0.1.186",
            "public_dns": "ec2-32-192-1-137.compute-1.amazonaws.com",
            "public_ip": "32.192.1.137",
            "region": "us-east-1",
            "root_block_device": [
              {
                "delete_on_termination": true,
                "device_name": "/dev/sda1",
                "encrypted": false,
                "iops": 3000,
                "kms_key_id": "",
                "tags": {},
                "tags_all": {},
                "throughput": 125,
                "volume_id": "vol-037ae68cb7aa46371",
                "volume_size": 8,
                "volume_type": "gp3"
              }
            ],
            "secondary_network_interface": [],
            "secondary_private_ips": [],
            "security_groups": [],
            "source_dest_check": true,
            "spot_instance_request_id": "",
            "subnet_id": "subnet-0c773cded49ff4551",
            "tags": {
              "Environment": "Lab",
              "ManagedBy": "Terraform",
              "Name": "ec2-tf-frontend-1a"
            },
            "tags_all": {
              "Environment": "Lab",
              "ManagedBy": "Terraform",
              "Name": "ec2-tf-frontend-1a"
            },
            "tenancy": "default",
            "timeouts": null,
            "user_data": "#!/bin/bash\n\nuseradd -m -s /bin/bash ansible\nusermod -aG sudo ansible\nmkdir -p /home/ansible/.ssh\necho \"ssh-rsa AAAAB3NzaC1yc2EAAAADAQABAAACAQDOc4xHU1beM3TOq/Ge9w8SqkHw+FylLbDyIHwolfd1Q30xrdEYiEkwq2d/uD3yiEswwNOc6AIsUTgC4y6+A5cqZmDCTs4aOXJqmkF69xWX31E/Q2QXYZcFKsb3ZGDSzxYGoyJpLDxnerju1K9qI/BtqibP/Wr3wpBvX4twAZ5RQUaLvEOgqrtmGM7i9KtEkSE0xfJxQg7afz+G6bNJzXTBVTQTW6DqC2bjoaoMnu3+8y/4VbofcDnApN6czYegYl+lU4fbbOgsM2vY/TwKH6Ml8GDqeRkawSSkH22mJ15iK65dqD+xkjjebF00yTChQtsDiOFXpU8pmEdOrzJOS0C8oAxgYxtdm0qEt7vPmIQWTpxaDVnPpoU1V9Yu1FYBvAXrQmRpjKY5SwHWnPMJZHYKL2d40b5+90euqRSn4iWYO2Ix0nv0uyqrHEccpB1wJ7aAnWOQwGgKzlYeC2uLaEdaYNgEghf7AgTzAraa3ppGDzQuIm+fz1kQ+6XNDGAnajKPazqQxHCSrGU/Eenfc9pbqIIJyFLEAZn9UZeEd93R5cbpVTpri06Y0Jdrp4Iek0AEvAlFVcNjnDuItn9NQdVS1XgO0dhtgbiXMPSQ25m4//mFvjyuVWHYhjjd28feH4kboL0x3j/RH3qlPEnHcTcq5Pgm3EKzT125SQ9q6D9qqw==\n\" \u003e /home/ansible/.ssh/authorized_keys\nchown -R ansible:ansible /home/ansible/.ssh\nchmod 700 /home/ansible/.ssh\nchmod 600 /home/ansible/.ssh/authorized_keys\necho \"ansible ALL=(ALL) NOPASSWD:ALL\" \u003e\u003e /etc/sudoers\n",
            "user_data_base64": null,
            "user_data_replace_on_change": false,
            "volume_tags": null,
            "vpc_security_group_ids": [
              "sg-018582f2b2ee41033"
            ]
          },
          "sensitive_attributes": [
            [
              {
                "type": "get_attr",
                "value": "ami"
              }
            ]
          ],
          "identity_schema_version": 0,
          "identity": {
            "account_id": "111314928072",
            "id": "i-0e3e59841e5470e13",
            "region": "us-east-1"
          },
          "private": "eyJlMmJmYjczMC1lY2FhLTExZTYtOGY4OC0zNDM2M2JjN2M0YzAiOnsiY3JlYXRlIjo2MDAwMDAwMDAwMDAsImRlbGV0ZSI6MTIwMDAwMDAwMDAwMCwicmVhZCI6OTAwMDAwMDAwMDAwLCJ1cGRhdGUiOjYwMDAwMDAwMDAwMH0sInNjaGVtYV92ZXJzaW9uIjoiMiJ9",
          "dependencies": [
            "aws_iam_instance_profile.ec2-profile-param",
            "aws_iam_role.ec2-ecr-role-param",
            "aws_key_pair.deployer",
            "aws_security_group.frontend-sg-param",
            "aws_subnet.public-snet-param-1a",
            "aws_vpc.vpc_param",
            "data.aws_iam_policy_document.assume_role",
            "data.aws_ssm_parameter.ubuntu",
            "tls_private_key.deployer"
          ]
        }
      ]
    },
    {
      "mode": "managed",
      "type": "aws_internet_gateway",
      "name": "igw_param",
      "provider": "provider[\"registry.terraform.io/hashicorp/aws\"]",
      "instances": [
        {
          "schema_version": 0,
          "attributes": {
            "arn": "arn:aws:ec2:us-east-1:111314928072:internet-gateway/igw-02466bca4d7805d71",
            "id": "igw-02466bca4d7805d71",
            "owner_id": "111314928072",
            "region": "us-east-1",
            "tags": {
              "Name": "igw-tf"
            },
            "tags_all": {
              "Name": "igw-tf"
            },
            "timeouts": null,
            "vpc_id": "vpc-09a9633f6359a2abb"
          },
          "sensitive_attributes": [],
          "identity_schema_version": 0,
          "identity": {
            "account_id": "111314928072",
            "id": "igw-02466bca4d7805d71",
            "region": "us-east-1"
          },
          "private": "eyJlMmJmYjczMC1lY2FhLTExZTYtOGY4OC0zNDM2M2JjN2M0YzAiOnsiY3JlYXRlIjoxMjAwMDAwMDAwMDAwLCJkZWxldGUiOjEyMDAwMDAwMDAwMDAsInVwZGF0ZSI6MTIwMDAwMDAwMDAwMH19",
          "dependencies": [
            "aws_vpc.vpc_param"
          ]
        }
      ]
    },
    {
      "mode": "managed",
      "type": "aws_key_pair",
      "name": "deployer",
      "provider": "provider[\"registry.terraform.io/hashicorp/aws\"]",
      "instances": [
        {
          "schema_version": 1,
          "attributes": {
            "arn": "arn:aws:ec2:us-east-1:111314928072:key-pair/aws-ssh-key",
            "fingerprint": "5e:2b:04:d9:cc:d6:73:e1:ad:03:f6:98:92:bd:8b:d7",
            "id": "aws-ssh-key",
            "key_name": "aws-ssh-key",
            "key_name_prefix": "",
            "key_pair_id": "key-0b3d9de0a351ec88f",
            "key_type": "rsa",
            "public_key": "ssh-rsa AAAAB3NzaC1yc2EAAAADAQABAAACAQDOc4xHU1beM3TOq/Ge9w8SqkHw+FylLbDyIHwolfd1Q30xrdEYiEkwq2d/uD3yiEswwNOc6AIsUTgC4y6+A5cqZmDCTs4aOXJqmkF69xWX31E/Q2QXYZcFKsb3ZGDSzxYGoyJpLDxnerju1K9qI/BtqibP/Wr3wpBvX4twAZ5RQUaLvEOgqrtmGM7i9KtEkSE0xfJxQg7afz+G6bNJzXTBVTQTW6DqC2bjoaoMnu3+8y/4VbofcDnApN6czYegYl+lU4fbbOgsM2vY/TwKH6Ml8GDqeRkawSSkH22mJ15iK65dqD+xkjjebF00yTChQtsDiOFXpU8pmEdOrzJOS0C8oAxgYxtdm0qEt7vPmIQWTpxaDVnPpoU1V9Yu1FYBvAXrQmRpjKY5SwHWnPMJZHYKL2d40b5+90euqRSn4iWYO2Ix0nv0uyqrHEccpB1wJ7aAnWOQwGgKzlYeC2uLaEdaYNgEghf7AgTzAraa3ppGDzQuIm+fz1kQ+6XNDGAnajKPazqQxHCSrGU/Eenfc9pbqIIJyFLEAZn9UZeEd93R5cbpVTpri06Y0Jdrp4Iek0AEvAlFVcNjnDuItn9NQdVS1XgO0dhtgbiXMPSQ25m4//mFvjyuVWHYhjjd28feH4kboL0x3j/RH3qlPEnHcTcq5Pgm3EKzT125SQ9q6D9qqw==",
            "region": "us-east-1",
            "tags": {},
            "tags_all": {}
          },
          "sensitive_attributes": [],
          "identity_schema_version": 0,
          "private": "eyJzY2hlbWFfdmVyc2lvbiI6IjEifQ==",
          "dependencies": [
            "tls_private_key.deployer"
          ]
        }
      ]
    },
    {
      "mode": "managed",
      "type": "aws_lb",
      "name": "alb-param",
      "provider": "provider[\"registry.terraform.io/hashicorp/aws\"]",
      "instances": [
        {
          "schema_version": 0,
          "attributes": {
            "access_logs": [
              {
                "bucket": "",
                "enabled": false,
                "prefix": ""
              }
            ],
            "arn": "arn:aws:elasticloadbalancing:us-east-1:111314928072:loadbalancer/app/alb-backend-tf/84cabbfe46466b36",
            "arn_suffix": "app/alb-backend-tf/84cabbfe46466b36",
            "client_keep_alive": 3600,
            "connection_logs": [
              {
                "bucket": "",
                "enabled": false,
                "prefix": ""
              }
            ],
            "customer_owned_ipv4_pool": "",
            "desync_mitigation_mode": "defensive",
            "dns_name": "alb-backend-tf-1927946289.us-east-1.elb.amazonaws.com",
            "dns_record_client_routing_policy": null,
            "drop_invalid_header_fields": false,
            "enable_cross_zone_load_balancing": true,
            "enable_deletion_protection": false,
            "enable_http2": true,
            "enable_prefix_for_ipv6_source_nat": "off",
            "enable_tls_version_and_cipher_suite_headers": false,
            "enable_waf_fail_open": false,
            "enable_xff_client_port": false,
            "enable_zonal_shift": false,
            "enforce_security_group_inbound_rules_on_private_link_traffic": "",
            "health_check_logs": [
              {
                "bucket": "",
                "enabled": false,
                "prefix": ""
              }
            ],
            "id": "arn:aws:elasticloadbalancing:us-east-1:111314928072:loadbalancer/app/alb-backend-tf/84cabbfe46466b36",
            "idle_timeout": 60,
            "internal": false,
            "ip_address_type": "ipv4",
            "ipam_pools": [],
            "load_balancer_type": "application",
            "minimum_load_balancer_capacity": [],
            "name": "alb-backend-tf",
            "name_prefix": "",
            "preserve_host_header": false,
            "region": "us-east-1",
            "secondary_ips_auto_assigned_per_subnet": null,
            "security_groups": [
              "sg-0f0253fdc0855afc9"
            ],
            "subnet_mapping": [
              {
                "allocation_id": "",
                "ipv6_address": "",
                "outpost_id": "",
                "private_ipv4_address": "",
                "subnet_id": "subnet-0a51f4f8d5e70d6e8"
              },
              {
                "allocation_id": "",
                "ipv6_address": "",
                "outpost_id": "",
                "private_ipv4_address": "",
                "subnet_id": "subnet-0c773cded49ff4551"
              }
            ],
            "subnets": [
              "subnet-0a51f4f8d5e70d6e8",
              "subnet-0c773cded49ff4551"
            ],
            "tags": {
              "Name": "alb-backend-tf"
            },
            "tags_all": {
              "Name": "alb-backend-tf"
            },
            "timeouts": null,
            "vpc_id": "vpc-09a9633f6359a2abb",
            "xff_header_processing_mode": "append",
            "zone_id": "Z35SXDOTRQ7X7K"
          },
          "sensitive_attributes": [],
          "identity_schema_version": 0,
          "identity": {
            "arn": "arn:aws:elasticloadbalancing:us-east-1:111314928072:loadbalancer/app/alb-backend-tf/84cabbfe46466b36"
          },
          "private": "eyJlMmJmYjczMC1lY2FhLTExZTYtOGY4OC0zNDM2M2JjN2M0YzAiOnsiY3JlYXRlIjo2MDAwMDAwMDAwMDAsImRlbGV0ZSI6NjAwMDAwMDAwMDAwLCJ1cGRhdGUiOjYwMDAwMDAwMDAwMH19",
          "dependencies": [
            "aws_security_group.alb-sg-param",
            "aws_subnet.public-snet-param-1a",
            "aws_subnet.public-snet-param-1b",
            "aws_vpc.vpc_param"
          ]
        }
      ]
    },
    {
      "mode": "managed",
      "type": "aws_lb_listener",
      "name": "alb-listener-param",
      "provider": "provider[\"registry.terraform.io/hashicorp/aws\"]",
      "instances": [
        {
          "schema_version": 0,
          "attributes": {
            "alpn_policy": null,
            "arn": "arn:aws:elasticloadbalancing:us-east-1:111314928072:listener/app/alb-backend-tf/84cabbfe46466b36/8f57ae2407b1a2ce",
            "certificate_arn": null,
            "default_action": [
              {
                "authenticate_cognito": [],
                "authenticate_oidc": [],
                "fixed_response": [],
                "forward": [],
                "jwt_validation": [],
                "order": 1,
                "redirect": [],
                "target_group_arn": "arn:aws:elasticloadbalancing:us-east-1:111314928072:targetgroup/tg-backend-tf/f100615e0eaaaae8",
                "type": "forward"
              }
            ],
            "id": "arn:aws:elasticloadbalancing:us-east-1:111314928072:listener/app/alb-backend-tf/84cabbfe46466b36/8f57ae2407b1a2ce",
            "load_balancer_arn": "arn:aws:elasticloadbalancing:us-east-1:111314928072:loadbalancer/app/alb-backend-tf/84cabbfe46466b36",
            "mutual_authentication": [],
            "port": 80,
            "protocol": "HTTP",
            "region": "us-east-1",
            "routing_http_request_x_amzn_mtls_clientcert_header_name": null,
            "routing_http_request_x_amzn_mtls_clientcert_issuer_header_name": null,
            "routing_http_request_x_amzn_mtls_clientcert_leaf_header_name": null,
            "routing_http_request_x_amzn_mtls_clientcert_serial_number_header_name": null,
            "routing_http_request_x_amzn_mtls_clientcert_subject_header_name": null,
            "routing_http_request_x_amzn_mtls_clientcert_validity_header_name": null,
            "routing_http_request_x_amzn_tls_cipher_suite_header_name": null,
            "routing_http_request_x_amzn_tls_version_header_name": null,
            "routing_http_response_access_control_allow_credentials_header_value": "",
            "routing_http_response_access_control_allow_headers_header_value": "",
            "routing_http_response_access_control_allow_methods_header_value": "",
            "routing_http_response_access_control_allow_origin_header_value": "",
            "routing_http_response_access_control_expose_headers_header_value": "",
            "routing_http_response_access_control_max_age_header_value": "",
            "routing_http_response_content_security_policy_header_value": "",
            "routing_http_response_server_enabled": true,
            "routing_http_response_strict_transport_security_header_value": "",
            "routing_http_response_x_content_type_options_header_value": "",
            "routing_http_response_x_frame_options_header_value": "",
            "ssl_policy": "",
            "tags": {},
            "tags_all": {},
            "tcp_idle_timeout_seconds": null,
            "timeouts": null
          },
          "sensitive_attributes": [],
          "identity_schema_version": 0,
          "identity": {
            "arn": "arn:aws:elasticloadbalancing:us-east-1:111314928072:listener/app/alb-backend-tf/84cabbfe46466b36/8f57ae2407b1a2ce"
          },
          "private": "eyJlMmJmYjczMC1lY2FhLTExZTYtOGY4OC0zNDM2M2JjN2M0YzAiOnsiY3JlYXRlIjozMDAwMDAwMDAwMDAsInVwZGF0ZSI6MzAwMDAwMDAwMDAwfX0=",
          "dependencies": [
            "aws_lb.alb-param",
            "aws_lb_target_group.tg-param",
            "aws_security_group.alb-sg-param",
            "aws_subnet.public-snet-param-1a",
            "aws_subnet.public-snet-param-1b",
            "aws_vpc.vpc_param"
          ]
        }
      ]
    },
    {
      "mode": "managed",
      "type": "aws_lb_target_group",
      "name": "tg-param",
      "provider": "provider[\"registry.terraform.io/hashicorp/aws\"]",
      "instances": [
        {
          "schema_version": 0,
          "attributes": {
            "arn": "arn:aws:elasticloadbalancing:us-east-1:111314928072:targetgroup/tg-backend-tf/f100615e0eaaaae8",
            "arn_suffix": "targetgroup/tg-backend-tf/f100615e0eaaaae8",
            "connection_termination": null,
            "deregistration_delay": "300",
            "health_check": [
              {
                "enabled": true,
                "healthy_threshold": 3,
                "interval": 30,
                "matcher": "200",
                "path": "/healthcheck",
                "port": "traffic-port",
                "protocol": "HTTP",
                "timeout": 5,
                "unhealthy_threshold": 3
              }
            ],
            "id": "arn:aws:elasticloadbalancing:us-east-1:111314928072:targetgroup/tg-backend-tf/f100615e0eaaaae8",
            "ip_address_type": "ipv4",
            "lambda_multi_value_headers_enabled": false,
            "load_balancer_arns": [
              "arn:aws:elasticloadbalancing:us-east-1:111314928072:loadbalancer/app/alb-backend-tf/84cabbfe46466b36"
            ],
            "load_balancing_algorithm_type": "round_robin",
            "load_balancing_anomaly_mitigation": "off",
            "load_balancing_cross_zone_enabled": "use_load_balancer_configuration",
            "name": "tg-backend-tf",
            "name_prefix": "",
            "port": 8080,
            "preserve_client_ip": null,
            "protocol": "HTTP",
            "protocol_version": "HTTP1",
            "proxy_protocol_v2": false,
            "region": "us-east-1",
            "slow_start": 0,
            "stickiness": [
              {
                "cookie_duration": 86400,
                "cookie_name": "",
                "enabled": false,
                "type": "lb_cookie"
              }
            ],
            "tags": {},
            "tags_all": {},
            "target_control_port": 0,
            "target_failover": [
              {
                "on_deregistration": null,
                "on_unhealthy": null
              }
            ],
            "target_group_health": [
              {
                "dns_failover": [
                  {
                    "minimum_healthy_targets_count": "1",
                    "minimum_healthy_targets_percentage": "off"
                  }
                ],
                "unhealthy_state_routing": [
                  {
                    "minimum_healthy_targets_count": 1,
                    "minimum_healthy_targets_percentage": "off"
                  }
                ]
              }
            ],
            "target_health_state": [
              {
                "enable_unhealthy_connection_termination": null,
                "unhealthy_draining_interval": null
              }
            ],
            "target_type": "instance",
            "vpc_id": "vpc-09a9633f6359a2abb"
          },
          "sensitive_attributes": [],
          "identity_schema_version": 0,
          "identity": {
            "arn": "arn:aws:elasticloadbalancing:us-east-1:111314928072:targetgroup/tg-backend-tf/f100615e0eaaaae8"
          },
          "private": "bnVsbA==",
          "dependencies": [
            "aws_vpc.vpc_param"
          ]
        }
      ]
    },
    {
      "mode": "managed",
      "type": "aws_lb_target_group_attachment",
      "name": "tg-attachment-1",
      "provider": "provider[\"registry.terraform.io/hashicorp/aws\"]",
      "instances": [
        {
          "schema_version": 0,
          "attributes": {
            "availability_zone": null,
            "id": "arn:aws:elasticloadbalancing:us-east-1:111314928072:targetgroup/tg-backend-tf/f100615e0eaaaae8,i-00ac1ddb98d0866cf,8080",
            "port": 8080,
            "quic_server_id": null,
            "region": "us-east-1",
            "target_group_arn": "arn:aws:elasticloadbalancing:us-east-1:111314928072:targetgroup/tg-backend-tf/f100615e0eaaaae8",
            "target_id": "i-00ac1ddb98d0866cf"
          },
          "sensitive_attributes": [],
          "identity_schema_version": 0,
          "identity": {
            "account_id": "111314928072",
            "availability_zone": null,
            "port": 8080,
            "quic_server_id": null,
            "region": "us-east-1",
            "target_group_arn": "arn:aws:elasticloadbalancing:us-east-1:111314928072:targetgroup/tg-backend-tf/f100615e0eaaaae8",
            "target_id": "i-00ac1ddb98d0866cf"
          },
          "private": "bnVsbA==",
          "dependencies": [
            "aws_efs_file_system.efs-param",
            "aws_efs_mount_target.efs-mount-target-param",
            "aws_iam_instance_profile.ec2-profile-param",
            "aws_iam_role.ec2-ecr-role-param",
            "aws_instance.ec2-backend-param",
            "aws_key_pair.deployer",
            "aws_lb_target_group.tg-param",
            "aws_security_group.backend-sg-param",
            "aws_security_group.efs-sg-param",
            "aws_subnet.private-snet-param-1a",
            "aws_subnet.private-snet-param-1b",
            "aws_vpc.vpc_param",
            "data.aws_iam_policy_document.assume_role",
            "data.aws_ssm_parameter.ubuntu",
            "tls_private_key.deployer"
          ]
        }
      ]
    },
    {
      "mode": "managed",
      "type": "aws_lb_target_group_attachment",
      "name": "tg-attachment-2",
      "provider": "provider[\"registry.terraform.io/hashicorp/aws\"]",
      "instances": [
        {
          "schema_version": 0,
          "attributes": {
            "availability_zone": null,
            "id": "arn:aws:elasticloadbalancing:us-east-1:111314928072:targetgroup/tg-backend-tf/f100615e0eaaaae8,i-08baba3e8f4e11ddb,8080",
            "port": 8080,
            "quic_server_id": null,
            "region": "us-east-1",
            "target_group_arn": "arn:aws:elasticloadbalancing:us-east-1:111314928072:targetgroup/tg-backend-tf/f100615e0eaaaae8",
            "target_id": "i-08baba3e8f4e11ddb"
          },
          "sensitive_attributes": [],
          "identity_schema_version": 0,
          "identity": {
            "account_id": "111314928072",
            "availability_zone": null,
            "port": 8080,
            "quic_server_id": null,
            "region": "us-east-1",
            "target_group_arn": "arn:aws:elasticloadbalancing:us-east-1:111314928072:targetgroup/tg-backend-tf/f100615e0eaaaae8",
            "target_id": "i-08baba3e8f4e11ddb"
          },
          "private": "bnVsbA==",
          "dependencies": [
            "aws_efs_file_system.efs-param",
            "aws_efs_mount_target.efs-mount-target-param",
            "aws_iam_instance_profile.ec2-profile-param",
            "aws_iam_role.ec2-ecr-role-param",
            "aws_instance.ec2-backend-param",
            "aws_key_pair.deployer",
            "aws_lb_target_group.tg-param",
            "aws_security_group.backend-sg-param",
            "aws_security_group.efs-sg-param",
            "aws_subnet.private-snet-param-1a",
            "aws_subnet.private-snet-param-1b",
            "aws_vpc.vpc_param",
            "data.aws_iam_policy_document.assume_role",
            "data.aws_ssm_parameter.ubuntu",
            "tls_private_key.deployer"
          ]
        }
      ]
    },
    {
      "mode": "managed",
      "type": "aws_nat_gateway",
      "name": "ngw-param",
      "provider": "provider[\"registry.terraform.io/hashicorp/aws\"]",
      "instances": [
        {
          "index_key": "1a",
          "schema_version": 0,
          "attributes": {
            "allocation_id": "eipalloc-0fb62f587e4d3cb8d",
            "association_id": "eipassoc-050e805fec00662ce",
            "auto_provision_zones": null,
            "auto_scaling_ips": null,
            "availability_mode": "zonal",
            "availability_zone_address": [],
            "connectivity_type": "public",
            "id": "nat-0b05c5c61e2a9de14",
            "network_interface_id": "eni-0332203be534dab23",
            "private_ip": "10.0.1.126",
            "public_ip": "3.89.95.54",
            "region": "us-east-1",
            "regional_nat_gateway_address": [],
            "regional_nat_gateway_auto_mode": null,
            "route_table_id": null,
            "secondary_allocation_ids": [],
            "secondary_private_ip_address_count": 0,
            "secondary_private_ip_addresses": [],
            "subnet_id": "subnet-0c773cded49ff4551",
            "tags": {
              "Name": "ngw-tf-1a"
            },
            "tags_all": {
              "Name": "ngw-tf-1a"
            },
            "timeouts": null,
            "vpc_id": "vpc-09a9633f6359a2abb"
          },
          "sensitive_attributes": [],
          "identity_schema_version": 0,
          "identity": {
            "account_id": "111314928072",
            "id": "nat-0b05c5c61e2a9de14",
            "region": "us-east-1"
          },
          "private": "eyJlMmJmYjczMC1lY2FhLTExZTYtOGY4OC0zNDM2M2JjN2M0YzAiOnsiY3JlYXRlIjo2MDAwMDAwMDAwMDAsImRlbGV0ZSI6MTgwMDAwMDAwMDAwMCwidXBkYXRlIjo2MDAwMDAwMDAwMDB9fQ==",
          "dependencies": [
            "aws_eip.eip_param",
            "aws_internet_gateway.igw_param",
            "aws_subnet.public-snet-param-1a",
            "aws_subnet.public-snet-param-1b",
            "aws_vpc.vpc_param"
          ]
        },
        {
          "index_key": "1b",
          "schema_version": 0,
          "attributes": {
            "allocation_id": "eipalloc-0f3e19cecb8da748f",
            "association_id": "eipassoc-0cfead9a3a322e657",
            "auto_provision_zones": null,
            "auto_scaling_ips": null,
            "availability_mode": "zonal",
            "availability_zone_address": [],
            "connectivity_type": "public",
            "id": "nat-0a273f9d263e15d5f",
            "network_interface_id": "eni-01b2769c52256760d",
            "private_ip": "10.0.2.128",
            "public_ip": "3.230.36.121",
            "region": "us-east-1",
            "regional_nat_gateway_address": [],
            "regional_nat_gateway_auto_mode": null,
            "route_table_id": null,
            "secondary_allocation_ids": [],
            "secondary_private_ip_address_count": 0,
            "secondary_private_ip_addresses": [],
            "subnet_id": "subnet-0a51f4f8d5e70d6e8",
            "tags": {
              "Name": "ngw-tf-1b"
            },
            "tags_all": {
              "Name": "ngw-tf-1b"
            },
            "timeouts": null,
            "vpc_id": "vpc-09a9633f6359a2abb"
          },
          "sensitive_attributes": [],
          "identity_schema_version": 0,
          "identity": {
            "account_id": "111314928072",
            "id": "nat-0a273f9d263e15d5f",
            "region": "us-east-1"
          },
          "private": "eyJlMmJmYjczMC1lY2FhLTExZTYtOGY4OC0zNDM2M2JjN2M0YzAiOnsiY3JlYXRlIjo2MDAwMDAwMDAwMDAsImRlbGV0ZSI6MTgwMDAwMDAwMDAwMCwidXBkYXRlIjo2MDAwMDAwMDAwMDB9fQ==",
          "dependencies": [
            "aws_eip.eip_param",
            "aws_internet_gateway.igw_param",
            "aws_subnet.public-snet-param-1a",
            "aws_subnet.public-snet-param-1b",
            "aws_vpc.vpc_param"
          ]
        }
      ]
    },
    {
      "mode": "managed",
      "type": "aws_route_table",
      "name": "private-rt-param",
      "provider": "provider[\"registry.terraform.io/hashicorp/aws\"]",
      "instances": [
        {
          "index_key": "1a",
          "schema_version": 0,
          "attributes": {
            "arn": "arn:aws:ec2:us-east-1:111314928072:route-table/rtb-08752ee50f0c60505",
            "id": "rtb-08752ee50f0c60505",
            "owner_id": "111314928072",
            "propagating_vgws": [],
            "region": "us-east-1",
            "route": [
              {
                "carrier_gateway_id": "",
                "cidr_block": "0.0.0.0/0",
                "core_network_arn": "",
                "destination_prefix_list_id": "",
                "egress_only_gateway_id": "",
                "gateway_id": "",
                "ipv6_cidr_block": "",
                "local_gateway_id": "",
                "nat_gateway_id": "nat-0b05c5c61e2a9de14",
                "network_interface_id": "",
                "odb_network_arn": "",
                "transit_gateway_id": "",
                "vpc_endpoint_id": "",
                "vpc_peering_connection_id": ""
              }
            ],
            "tags": {
              "Name": "private-rt-tf-1a"
            },
            "tags_all": {
              "Name": "private-rt-tf-1a"
            },
            "timeouts": null,
            "vpc_id": "vpc-09a9633f6359a2abb"
          },
          "sensitive_attributes": [],
          "identity_schema_version": 0,
          "identity": {
            "account_id": "111314928072",
            "id": "rtb-08752ee50f0c60505",
            "region": "us-east-1"
          },
          "private": "eyJlMmJmYjczMC1lY2FhLTExZTYtOGY4OC0zNDM2M2JjN2M0YzAiOnsiY3JlYXRlIjozMDAwMDAwMDAwMDAsImRlbGV0ZSI6MzAwMDAwMDAwMDAwLCJ1cGRhdGUiOjEyMDAwMDAwMDAwMH19",
          "dependencies": [
            "aws_eip.eip_param",
            "aws_internet_gateway.igw_param",
            "aws_nat_gateway.ngw-param",
            "aws_subnet.private-snet-param-1a",
            "aws_subnet.private-snet-param-1b",
            "aws_subnet.public-snet-param-1a",
            "aws_subnet.public-snet-param-1b",
            "aws_vpc.vpc_param"
          ]
        },
        {
          "index_key": "1b",
          "schema_version": 0,
          "attributes": {
            "arn": "arn:aws:ec2:us-east-1:111314928072:route-table/rtb-0dfb2046801055e20",
            "id": "rtb-0dfb2046801055e20",
            "owner_id": "111314928072",
            "propagating_vgws": [],
            "region": "us-east-1",
            "route": [
              {
                "carrier_gateway_id": "",
                "cidr_block": "0.0.0.0/0",
                "core_network_arn": "",
                "destination_prefix_list_id": "",
                "egress_only_gateway_id": "",
                "gateway_id": "",
                "ipv6_cidr_block": "",
                "local_gateway_id": "",
                "nat_gateway_id": "nat-0a273f9d263e15d5f",
                "network_interface_id": "",
                "odb_network_arn": "",
                "transit_gateway_id": "",
                "vpc_endpoint_id": "",
                "vpc_peering_connection_id": ""
              }
            ],
            "tags": {
              "Name": "private-rt-tf-1b"
            },
            "tags_all": {
              "Name": "private-rt-tf-1b"
            },
            "timeouts": null,
            "vpc_id": "vpc-09a9633f6359a2abb"
          },
          "sensitive_attributes": [],
          "identity_schema_version": 0,
          "identity": {
            "account_id": "111314928072",
            "id": "rtb-0dfb2046801055e20",
            "region": "us-east-1"
          },
          "private": "eyJlMmJmYjczMC1lY2FhLTExZTYtOGY4OC0zNDM2M2JjN2M0YzAiOnsiY3JlYXRlIjozMDAwMDAwMDAwMDAsImRlbGV0ZSI6MzAwMDAwMDAwMDAwLCJ1cGRhdGUiOjEyMDAwMDAwMDAwMH19",
          "dependencies": [
            "aws_eip.eip_param",
            "aws_internet_gateway.igw_param",
            "aws_nat_gateway.ngw-param",
            "aws_subnet.private-snet-param-1a",
            "aws_subnet.private-snet-param-1b",
            "aws_subnet.public-snet-param-1a",
            "aws_subnet.public-snet-param-1b",
            "aws_vpc.vpc_param"
          ]
        }
      ]
    },
    {
      "mode": "managed",
      "type": "aws_route_table",
      "name": "public-rt-param",
      "provider": "provider[\"registry.terraform.io/hashicorp/aws\"]",
      "instances": [
        {
          "schema_version": 0,
          "attributes": {
            "arn": "arn:aws:ec2:us-east-1:111314928072:route-table/rtb-00e1873985d399ee5",
            "id": "rtb-00e1873985d399ee5",
            "owner_id": "111314928072",
            "propagating_vgws": [],
            "region": "us-east-1",
            "route": [
              {
                "carrier_gateway_id": "",
                "cidr_block": "0.0.0.0/0",
                "core_network_arn": "",
                "destination_prefix_list_id": "",
                "egress_only_gateway_id": "",
                "gateway_id": "igw-02466bca4d7805d71",
                "ipv6_cidr_block": "",
                "local_gateway_id": "",
                "nat_gateway_id": "",
                "network_interface_id": "",
                "odb_network_arn": "",
                "transit_gateway_id": "",
                "vpc_endpoint_id": "",
                "vpc_peering_connection_id": ""
              }
            ],
            "tags": {
              "Name": "public-rt-tf"
            },
            "tags_all": {
              "Name": "public-rt-tf"
            },
            "timeouts": null,
            "vpc_id": "vpc-09a9633f6359a2abb"
          },
          "sensitive_attributes": [],
          "identity_schema_version": 0,
          "identity": {
            "account_id": "111314928072",
            "id": "rtb-00e1873985d399ee5",
            "region": "us-east-1"
          },
          "private": "eyJlMmJmYjczMC1lY2FhLTExZTYtOGY4OC0zNDM2M2JjN2M0YzAiOnsiY3JlYXRlIjozMDAwMDAwMDAwMDAsImRlbGV0ZSI6MzAwMDAwMDAwMDAwLCJ1cGRhdGUiOjEyMDAwMDAwMDAwMH19",
          "dependencies": [
            "aws_internet_gateway.igw_param",
            "aws_vpc.vpc_param"
          ]
        }
      ]
    },
    {
      "mode": "managed",
      "type": "aws_route_table_association",
      "name": "private-rt-associat-param",
      "provider": "provider[\"registry.terraform.io/hashicorp/aws\"]",
      "instances": [
        {
          "index_key": "1a",
          "schema_version": 0,
          "attributes": {
            "gateway_id": "",
            "id": "rtbassoc-03a1e8ea9e9b0a8e4",
            "region": "us-east-1",
            "route_table_id": "rtb-08752ee50f0c60505",
            "subnet_id": "subnet-03659d4f814c1c4e4",
            "timeouts": null
          },
          "sensitive_attributes": [],
          "identity_schema_version": 0,
          "identity": {
            "account_id": "111314928072",
            "id": "rtbassoc-03a1e8ea9e9b0a8e4",
            "region": "us-east-1"
          },
          "private": "eyJlMmJmYjczMC1lY2FhLTExZTYtOGY4OC0zNDM2M2JjN2M0YzAiOnsiY3JlYXRlIjozMDAwMDAwMDAwMDAsImRlbGV0ZSI6MzAwMDAwMDAwMDAwLCJ1cGRhdGUiOjEyMDAwMDAwMDAwMH19",
          "dependencies": [
            "aws_eip.eip_param",
            "aws_internet_gateway.igw_param",
            "aws_nat_gateway.ngw-param",
            "aws_route_table.private-rt-param",
            "aws_subnet.private-snet-param-1a",
            "aws_subnet.private-snet-param-1b",
            "aws_subnet.public-snet-param-1a",
            "aws_subnet.public-snet-param-1b",
            "aws_vpc.vpc_param"
          ]
        },
        {
          "index_key": "1b",
          "schema_version": 0,
          "attributes": {
            "gateway_id": "",
            "id": "rtbassoc-00496d6a07a2ff196",
            "region": "us-east-1",
            "route_table_id": "rtb-0dfb2046801055e20",
            "subnet_id": "subnet-009ca98f3f57f540a",
            "timeouts": null
          },
          "sensitive_attributes": [],
          "identity_schema_version": 0,
          "identity": {
            "account_id": "111314928072",
            "id": "rtbassoc-00496d6a07a2ff196",
            "region": "us-east-1"
          },
          "private": "eyJlMmJmYjczMC1lY2FhLTExZTYtOGY4OC0zNDM2M2JjN2M0YzAiOnsiY3JlYXRlIjozMDAwMDAwMDAwMDAsImRlbGV0ZSI6MzAwMDAwMDAwMDAwLCJ1cGRhdGUiOjEyMDAwMDAwMDAwMH19",
          "dependencies": [
            "aws_eip.eip_param",
            "aws_internet_gateway.igw_param",
            "aws_nat_gateway.ngw-param",
            "aws_route_table.private-rt-param",
            "aws_subnet.private-snet-param-1a",
            "aws_subnet.private-snet-param-1b",
            "aws_subnet.public-snet-param-1a",
            "aws_subnet.public-snet-param-1b",
            "aws_vpc.vpc_param"
          ]
        }
      ]
    },
    {
      "mode": "managed",
      "type": "aws_route_table_association",
      "name": "public-rt-associat-param",
      "provider": "provider[\"registry.terraform.io/hashicorp/aws\"]",
      "instances": [
        {
          "index_key": "1a",
          "schema_version": 0,
          "attributes": {
            "gateway_id": "",
            "id": "rtbassoc-09c34fa61ad06b37a",
            "region": "us-east-1",
            "route_table_id": "rtb-00e1873985d399ee5",
            "subnet_id": "subnet-0c773cded49ff4551",
            "timeouts": null
          },
          "sensitive_attributes": [],
          "identity_schema_version": 0,
          "identity": {
            "account_id": "111314928072",
            "id": "rtbassoc-09c34fa61ad06b37a",
            "region": "us-east-1"
          },
          "private": "eyJlMmJmYjczMC1lY2FhLTExZTYtOGY4OC0zNDM2M2JjN2M0YzAiOnsiY3JlYXRlIjozMDAwMDAwMDAwMDAsImRlbGV0ZSI6MzAwMDAwMDAwMDAwLCJ1cGRhdGUiOjEyMDAwMDAwMDAwMH19",
          "dependencies": [
            "aws_internet_gateway.igw_param",
            "aws_route_table.public-rt-param",
            "aws_subnet.public-snet-param-1a",
            "aws_subnet.public-snet-param-1b",
            "aws_vpc.vpc_param"
          ]
        },
        {
          "index_key": "1b",
          "schema_version": 0,
          "attributes": {
            "gateway_id": "",
            "id": "rtbassoc-0eaf733ae00a52703",
            "region": "us-east-1",
            "route_table_id": "rtb-00e1873985d399ee5",
            "subnet_id": "subnet-0a51f4f8d5e70d6e8",
            "timeouts": null
          },
          "sensitive_attributes": [],
          "identity_schema_version": 0,
          "identity": {
            "account_id": "111314928072",
            "id": "rtbassoc-0eaf733ae00a52703",
            "region": "us-east-1"
          },
          "private": "eyJlMmJmYjczMC1lY2FhLTExZTYtOGY4OC0zNDM2M2JjN2M0YzAiOnsiY3JlYXRlIjozMDAwMDAwMDAwMDAsImRlbGV0ZSI6MzAwMDAwMDAwMDAwLCJ1cGRhdGUiOjEyMDAwMDAwMDAwMH19",
          "dependencies": [
            "aws_internet_gateway.igw_param",
            "aws_route_table.public-rt-param",
            "aws_subnet.public-snet-param-1a",
            "aws_subnet.public-snet-param-1b",
            "aws_vpc.vpc_param"
          ]
        }
      ]
    },
    {
      "mode": "managed",
      "type": "aws_security_group",
      "name": "alb-sg-param",
      "provider": "provider[\"registry.terraform.io/hashicorp/aws\"]",
      "instances": [
        {
          "schema_version": 1,
          "attributes": {
            "arn": "arn:aws:ec2:us-east-1:111314928072:security-group/sg-0f0253fdc0855afc9",
            "description": "Managed by Terraform",
            "egress": [],
            "id": "sg-0f0253fdc0855afc9",
            "ingress": [],
            "name": "alb-sg-tf",
            "name_prefix": "",
            "owner_id": "111314928072",
            "region": "us-east-1",
            "revoke_rules_on_delete": false,
            "tags": {
              "Name": "alb-sg-tf"
            },
            "tags_all": {
              "Name": "alb-sg-tf"
            },
            "timeouts": null,
            "vpc_id": "vpc-09a9633f6359a2abb"
          },
          "sensitive_attributes": [],
          "identity_schema_version": 0,
          "identity": {
            "account_id": "111314928072",
            "id": "sg-0f0253fdc0855afc9",
            "region": "us-east-1"
          },
          "private": "eyJlMmJmYjczMC1lY2FhLTExZTYtOGY4OC0zNDM2M2JjN2M0YzAiOnsiY3JlYXRlIjo2MDAwMDAwMDAwMDAsImRlbGV0ZSI6OTAwMDAwMDAwMDAwfSwic2NoZW1hX3ZlcnNpb24iOiIxIn0=",
          "dependencies": [
            "aws_vpc.vpc_param"
          ],
          "create_before_destroy": true
        }
      ]
    },
    {
      "mode": "managed",
      "type": "aws_security_group",
      "name": "ansible-sg-param",
      "provider": "provider[\"registry.terraform.io/hashicorp/aws\"]",
      "instances": [
        {
          "schema_version": 1,
          "attributes": {
            "arn": "arn:aws:ec2:us-east-1:111314928072:security-group/sg-03b5f9636f79923c0",
            "description": "Managed by Terraform",
            "egress": [
              {
                "cidr_blocks": [
                  "0.0.0.0/0"
                ],
                "description": "",
                "from_port": 0,
                "ipv6_cidr_blocks": [],
                "prefix_list_ids": [],
                "protocol": "-1",
                "security_groups": [],
                "self": false,
                "to_port": 0
              }
            ],
            "id": "sg-03b5f9636f79923c0",
            "ingress": [
              {
                "cidr_blocks": [
                  "0.0.0.0/0"
                ],
                "description": "",
                "from_port": 22,
                "ipv6_cidr_blocks": [],
                "prefix_list_ids": [],
                "protocol": "tcp",
                "security_groups": [],
                "self": false,
                "to_port": 22
              }
            ],
            "name": "ansible-sg-tf",
            "name_prefix": "",
            "owner_id": "111314928072",
            "region": "us-east-1",
            "revoke_rules_on_delete": false,
            "tags": {
              "Name": "ansible-sg-tf"
            },
            "tags_all": {
              "Name": "ansible-sg-tf"
            },
            "timeouts": null,
            "vpc_id": "vpc-09a9633f6359a2abb"
          },
          "sensitive_attributes": [],
          "identity_schema_version": 0,
          "identity": {
            "account_id": "111314928072",
            "id": "sg-03b5f9636f79923c0",
            "region": "us-east-1"
          },
          "private": "eyJlMmJmYjczMC1lY2FhLTExZTYtOGY4OC0zNDM2M2JjN2M0YzAiOnsiY3JlYXRlIjo2MDAwMDAwMDAwMDAsImRlbGV0ZSI6OTAwMDAwMDAwMDAwfSwic2NoZW1hX3ZlcnNpb24iOiIxIn0=",
          "dependencies": [
            "aws_vpc.vpc_param"
          ],
          "create_before_destroy": true
        }
      ]
    },
    {
      "mode": "managed",
      "type": "aws_security_group",
      "name": "backend-sg-param",
      "provider": "provider[\"registry.terraform.io/hashicorp/aws\"]",
      "instances": [
        {
          "schema_version": 1,
          "attributes": {
            "arn": "arn:aws:ec2:us-east-1:111314928072:security-group/sg-0a3e806ad2b5fa58f",
            "description": "Managed by Terraform",
            "egress": [
              {
                "cidr_blocks": [
                  "0.0.0.0/0"
                ],
                "description": "",
                "from_port": 0,
                "ipv6_cidr_blocks": [],
                "prefix_list_ids": [],
                "protocol": "-1",
                "security_groups": [],
                "self": false,
                "to_port": 0
              }
            ],
            "id": "sg-0a3e806ad2b5fa58f",
            "ingress": [
              {
                "cidr_blocks": [
                  "0.0.0.0/0"
                ],
                "description": "",
                "from_port": 22,
                "ipv6_cidr_blocks": [],
                "prefix_list_ids": [],
                "protocol": "tcp",
                "security_groups": [],
                "self": false,
                "to_port": 22
              },
              {
                "cidr_blocks": [],
                "description": "",
                "from_port": 8080,
                "ipv6_cidr_blocks": [],
                "prefix_list_ids": [],
                "protocol": "tcp",
                "security_groups": [
                  "sg-0f0253fdc0855afc9"
                ],
                "self": false,
                "to_port": 8080
              }
            ],
            "name": "backend-sg-tf",
            "name_prefix": "",
            "owner_id": "111314928072",
            "region": "us-east-1",
            "revoke_rules_on_delete": false,
            "tags": {
              "Name": "backend-sg-tf"
            },
            "tags_all": {
              "Name": "backend-sg-tf"
            },
            "timeouts": null,
            "vpc_id": "vpc-09a9633f6359a2abb"
          },
          "sensitive_attributes": [],
          "identity_schema_version": 0,
          "identity": {
            "account_id": "111314928072",
            "id": "sg-0a3e806ad2b5fa58f",
            "region": "us-east-1"
          },
          "private": "eyJlMmJmYjczMC1lY2FhLTExZTYtOGY4OC0zNDM2M2JjN2M0YzAiOnsiY3JlYXRlIjo2MDAwMDAwMDAwMDAsImRlbGV0ZSI6OTAwMDAwMDAwMDAwfSwic2NoZW1hX3ZlcnNpb24iOiIxIn0=",
          "dependencies": [
            "aws_vpc.vpc_param"
          ],
          "create_before_destroy": true
        }
      ]
    },
    {
      "mode": "managed",
      "type": "aws_security_group",
      "name": "efs-sg-param",
      "provider": "provider[\"registry.terraform.io/hashicorp/aws\"]",
      "instances": [
        {
          "schema_version": 1,
          "attributes": {
            "arn": "arn:aws:ec2:us-east-1:111314928072:security-group/sg-0cd8f5ee6aeeb082f",
            "description": "Managed by Terraform",
            "egress": [
              {
                "cidr_blocks": [
                  "0.0.0.0/0"
                ],
                "description": "",
                "from_port": 0,
                "ipv6_cidr_blocks": [],
                "prefix_list_ids": [],
                "protocol": "-1",
                "security_groups": [],
                "self": false,
                "to_port": 0
              }
            ],
            "id": "sg-0cd8f5ee6aeeb082f",
            "ingress": [
              {
                "cidr_blocks": [],
                "description": "",
                "from_port": 2049,
                "ipv6_cidr_blocks": [],
                "prefix_list_ids": [],
                "protocol": "tcp",
                "security_groups": [
                  "sg-0a3e806ad2b5fa58f"
                ],
                "self": false,
                "to_port": 2049
              }
            ],
            "name": "efs-sg-tf",
            "name_prefix": "",
            "owner_id": "111314928072",
            "region": "us-east-1",
            "revoke_rules_on_delete": false,
            "tags": {
              "Name": "efs-sg-tf"
            },
            "tags_all": {
              "Name": "efs-sg-tf"
            },
            "timeouts": null,
            "vpc_id": "vpc-09a9633f6359a2abb"
          },
          "sensitive_attributes": [],
          "identity_schema_version": 0,
          "identity": {
            "account_id": "111314928072",
            "id": "sg-0cd8f5ee6aeeb082f",
            "region": "us-east-1"
          },
          "private": "eyJlMmJmYjczMC1lY2FhLTExZTYtOGY4OC0zNDM2M2JjN2M0YzAiOnsiY3JlYXRlIjo2MDAwMDAwMDAwMDAsImRlbGV0ZSI6OTAwMDAwMDAwMDAwfSwic2NoZW1hX3ZlcnNpb24iOiIxIn0=",
          "dependencies": [
            "aws_vpc.vpc_param"
          ],
          "create_before_destroy": true
        }
      ]
    },
    {
      "mode": "managed",
      "type": "aws_security_group",
      "name": "frontend-sg-param",
      "provider": "provider[\"registry.terraform.io/hashicorp/aws\"]",
      "instances": [
        {
          "schema_version": 1,
          "attributes": {
            "arn": "arn:aws:ec2:us-east-1:111314928072:security-group/sg-018582f2b2ee41033",
            "description": "Managed by Terraform",
            "egress": [
              {
                "cidr_blocks": [
                  "0.0.0.0/0"
                ],
                "description": "",
                "from_port": 0,
                "ipv6_cidr_blocks": [],
                "prefix_list_ids": [],
                "protocol": "-1",
                "security_groups": [],
                "self": false,
                "to_port": 0
              }
            ],
            "id": "sg-018582f2b2ee41033",
            "ingress": [
              {
                "cidr_blocks": [
                  "0.0.0.0/0"
                ],
                "description": "",
                "from_port": 22,
                "ipv6_cidr_blocks": [],
                "prefix_list_ids": [],
                "protocol": "tcp",
                "security_groups": [],
                "self": false,
                "to_port": 22
              },
              {
                "cidr_blocks": [
                  "10.0.0.0/16"
                ],
                "description": "",
                "from_port": 3000,
                "ipv6_cidr_blocks": [],
                "prefix_list_ids": [],
                "protocol": "tcp",
                "security_groups": [],
                "self": false,
                "to_port": 3000
              }
            ],
            "name": "frontend-sg-tf",
            "name_prefix": "",
            "owner_id": "111314928072",
            "region": "us-east-1",
            "revoke_rules_on_delete": false,
            "tags": {
              "Name": "frontend-sg-tf"
            },
            "tags_all": {
              "Name": "frontend-sg-tf"
            },
            "timeouts": null,
            "vpc_id": "vpc-09a9633f6359a2abb"
          },
          "sensitive_attributes": [],
          "identity_schema_version": 0,
          "identity": {
            "account_id": "111314928072",
            "id": "sg-018582f2b2ee41033",
            "region": "us-east-1"
          },
          "private": "eyJlMmJmYjczMC1lY2FhLTExZTYtOGY4OC0zNDM2M2JjN2M0YzAiOnsiY3JlYXRlIjo2MDAwMDAwMDAwMDAsImRlbGV0ZSI6OTAwMDAwMDAwMDAwfSwic2NoZW1hX3ZlcnNpb24iOiIxIn0=",
          "dependencies": [
            "aws_vpc.vpc_param"
          ],
          "create_before_destroy": true
        }
      ]
    },
    {
      "mode": "managed",
      "type": "aws_ssm_parameter",
      "name": "ansible_private_key",
      "provider": "provider[\"registry.terraform.io/hashicorp/aws\"]",
      "instances": [
        {
          "schema_version": 0,
          "attributes": {
            "allowed_pattern": "",
            "arn": "arn:aws:ssm:us-east-1:111314928072:parameter/ansible/deployer-key",
            "data_type": "text",
            "description": "",
            "has_value_wo": false,
            "id": "/ansible/deployer-key",
            "insecure_value": null,
            "key_id": "alias/aws/ssm",
            "name": "/ansible/deployer-key",
            "overwrite": null,
            "region": "us-east-1",
            "tags": {
              "Name": "ansible-deployer-key-tf"
            },
            "tags_all": {
              "Name": "ansible-deployer-key-tf"
            },
            "tier": "Standard",
            "type": "SecureString",
            "value": "-----BEGIN RSA PRIVATE KEY-----\nMIIJJwIBAAKCAgEAznOMR1NW3jN0zqvxnvcPEqpB8PhcpS2w8iB8KJX3dUN9Ma3R\nGIhJMKtnf7g98ohLMMDTnOgCLFE4AuMuvgOXKmZgwk7OGjlyappBevcVl99RP0Nk\nF2GXBSrG92Rg0s8WBqMiaSw8Z3q47tSvaiPwbaomz/1q98KQb1+LcAGeUUFGi7xD\noKq7ZhjO4vSrRJEhNMXycUIO2n8/humzSc10wVU0E1ug6gtm46GqDJ7t/vMv+FW6\nH3A5wKTenM2HoGJfpVOH22zoLDNr2P08Ch+jJfBg6nkZGsEkpB9tpideYiuuXag/\nsZI43mxdNMkwoULbA4jhV6VPKZhHTq8yTktAvKAMYGMbXZtKhLe7z5iEFk6cWg1Z\nz6aFNVfWLtRWAbwF60JkaYymOUsB1pzzCWR2Ci9neNG+fvdHrqkUp+IlmDtiMdJ7\n9LsqqxxHHKQdcCe2gJ1jkMBoCs5WHgtri2hHWmDYBIIX+wIE8wK2mt6aRg80LiJv\nn89ZEPulzQxgJ2oyj2s6kMRwkqxlPxHp33PaW6iCCchSxAGZ/VGXhHfd0eXG6VU6\na4tOmNCXa6eCHpNABLwJRVXDY5w7iLZ/TUHVUtV4DtHYbYG4lzD0kNuZuP/5hb48\nrlVh2IY43dvH3h+JG6C9Md4/0R96pTxJx3E3KuT4JtxCs09duUkPaug/aqsCAwEA\nAQKCAf8LSkZhoC0f+bBpnP2Zs+kfHDB+/RYT8mu60gv4LDtcLlSqYtcMgGeAQd9n\nHKxGly2FfQYVjpqP0eE+Ry5HNesOZorkFWswA/Q94DG0h86mf4/x5b2TicK4hZ5b\n6SFiZfDObB11ovWqswtqBDeTlmOPm76DoVg4NGuxq4f0mCIQT4GMIr+QCcY1zyWB\nQ+AZ39XxDOI1T2eAi3Tt69niL1ozOHWgmWIzamw2BqFGD2r0hlgZPJbxITIHVvzV\nlmfUXYzdfbPwTARmZml/dFnUM+a4LG0gZX7595YJY66bZ4vB0qG2fXz+OQDjKQnv\n2RDPwNg5WUL5iBDMNYewxeP6ZCMmFGvM0Xza9fg54MidoHSeSqde/IElMJLLKezS\nk72Hv7HKrD87AU7audHlS5E24Iuw91NupV/idrO7pKMFOsFaP6bJoPpQ/LEZ4Eit\nbm2O7fKK+wsA/Bp8gCpLlPNDamLlD2qyEr/hbCPNOMY0dr2P7sgxMU/GrQPg9w7/\nPZ3od3cHaMk8uQB5HK0WJX/tOnvWhdBuOVduX+TwzcLDvmRzWBxBCLNPzClgS2U7\nGV9iR3GcvmCx/b24nNdYmPIvRTOq+jf1FBLB5mFaV6xfcHEm9iT08GAzu7JzU6o4\ne7nAr1/EWkj/quBdrpiE+ZQkXI62kVneSFCKCObIqJQ20atBAoIBAQDy5hinlQvh\nvllul7VjoVis+r9GDrsRT998BMEPEVFdtyGr1fHzr18cTaIQ0OmAahoLJAhZc7LS\nadII/ntB14azhp79L6FVSKaHpP5YgE3TuDbCNlW2kJ+K+6HZ07zLC07JyTrr008V\nrv+/hLBNpPk7ogY35maU22PA02cBlTyIcLJEdOdy1XVsTwZNVPGhFoPdadoXy2G0\ndHkVR+ha9RLEa34YlaLPFKpBA/3dC81+cTmuhlJWgUK4JYgXG+MTEHj5LhGYradU\n3IkfbbtHpbJM6DY+OEp07wv4FB0jPUnR0KorQ0g+UXw+ZyX4wcAxlBHzA7pvwPle\nhMx7UzUymIXbAoIBAQDZljERsNvPCMBbP6T8ua/4FXzJkdEIERGFiIkosHCRDgwD\nkDwhZyK0qNcDqxfD3PkRqd6yrs8aI2iZUy8SHtqaEcSQceZTcrENl/7uQeTvURRQ\ndqg+vITJuaVj9hERWvEjpYnE/F+i0dpdPGY2hxvx2QPPCcu+Tva796m2bMTIpoQF\nlUSWYK10Nym53Lvv1On2BsFG+2d+DXd4oKUsUuiE0HriDC1YJHiBd4lRtqCX9Vnp\nH36JkIgi8i91ea9ejx+5yy6mUljzfADaMJypoBGbW/KMOKsG3SeMCHTeGIzLZwi9\nqlg0gAGGWPTUBePFIbs57HMgBPyx7ocih65upY9xAoIBAQDhnczEzHLO6ooTaaM4\nucOuWPKV1lT4TaKehaP1pPZZACOsgvtMiFbl6U5iJErf1q3+Lyf6PreZLmXDqO1A\nSTt7Qc4oCrfmiab1U9JUzkh8Ih3q46FWBJvM8tJxjHVOfGBgmiO6rPpGf9haQpuo\nY1aFh4gTIFWkauwLTdHd7IrfiR5s69GYHqIFSpnl9sLCCDHP1eSYOXe1sIJPvA0d\nf4pBHD9yAnvJsb46ycRiL/ZePjl/3JBafZJFjccNAAA50xErExmRIavN7VMI+Fn+\nwPAO85p+zLaMSwZpFfXCp8kLtLB7ovFVwUaQiCsDFqS46HqLqajg6PQ4UU3GN5Gw\nP3AFAoIBAFOedqkX0MGV2Wa35M4DBm9OwrAsS6rP9G3e9OcgN4JnZZKRAarMmffX\n0xnjzLRG3ak+IQmGSK0A4pfZ8gMCvHvtTB8+xodXUlepDB3AURzvieEKWMoTZOyp\nXbg2voRu8LEEUxfS7WYDQ+oE5jsaXVDqV55fY191tTizixNCZbW+2InUvZEVAlPh\nRzXYcJlQt8EHA4wl3bYBsuI2yoNoMVepTzBEAcEX8v++UpWGm90KO01t/xEa7FaR\nwE9jPlQWqNicDwd4KhsYkrNHb0146ItOIL5moMN4hlQ4g8E+qg0ZQbCyIEe80dkx\nopVA1jHSLsOp7OxnPj2bL2/DuPNoyOECggEAQWCcA1cIlBely9gYY5d+3gCMoLDz\nvAW5P9YrOq+NXfZyFTUnZchLdOugzQdXEcF4vld097SoVNepLrErrI7O0qZ/LKQ5\nwyao/fbDtqe9JFLz86/hdVZGc12B0v9Ehkfgh4/+WxaYYFJVBq51POY1+GQpyAhz\nJpaMGhblnuH3+APtPCWzA38+NCc6fb5kHjrJLvWnV3OkdcHZpcQaH7r/ktjHYR+8\njRENf/pYecjYjVB95lJwJoa0gshKnlUTH2cxVrgIe3iRnkWmDJ81XT05a/Vg/lNb\npNu151be/eYCRb99PpUUacBc0jk0UysWmjXyGAEHVJV0yU6CjXx51E9pPw==\n-----END RSA PRIVATE KEY-----\n",
            "value_wo": null,
            "value_wo_version": null,
            "version": 1
          },
          "sensitive_attributes": [
            [
              {
                "type": "get_attr",
                "value": "value"
              }
            ],
            [
              {
                "type": "get_attr",
                "value": "value_wo"
              }
            ]
          ],
          "identity_schema_version": 0,
          "identity": {
            "account_id": "111314928072",
            "name": "/ansible/deployer-key",
            "region": "us-east-1"
          },
          "private": "bnVsbA==",
          "dependencies": [
            "tls_private_key.deployer"
          ]
        }
      ]
    },
    {
      "mode": "managed",
      "type": "aws_subnet",
      "name": "private-snet-param-1a",
      "provider": "provider[\"registry.terraform.io/hashicorp/aws\"]",
      "instances": [
        {
          "schema_version": 1,
          "attributes": {
            "arn": "arn:aws:ec2:us-east-1:111314928072:subnet/subnet-03659d4f814c1c4e4",
            "assign_ipv6_address_on_creation": false,
            "availability_zone": "us-east-1a",
            "availability_zone_id": "use1-az1",
            "cidr_block": "10.0.3.0/24",
            "customer_owned_ipv4_pool": "",
            "enable_dns64": false,
            "enable_lni_at_device_index": 0,
            "enable_resource_name_dns_a_record_on_launch": false,
            "enable_resource_name_dns_aaaa_record_on_launch": false,
            "id": "subnet-03659d4f814c1c4e4",
            "ipv4_ipam_pool_id": null,
            "ipv4_netmask_length": null,
            "ipv6_cidr_block": "",
            "ipv6_cidr_block_association_id": "",
            "ipv6_ipam_pool_id": null,
            "ipv6_native": false,
            "ipv6_netmask_length": null,
            "map_customer_owned_ip_on_launch": false,
            "map_public_ip_on_launch": false,
            "outpost_arn": "",
            "owner_id": "111314928072",
            "private_dns_hostname_type_on_launch": "ip-name",
            "region": "us-east-1",
            "tags": {
              "Name": "private-snet-tf-1a"
            },
            "tags_all": {
              "Name": "private-snet-tf-1a"
            },
            "timeouts": null,
            "vpc_id": "vpc-09a9633f6359a2abb"
          },
          "sensitive_attributes": [],
          "identity_schema_version": 0,
          "identity": {
            "account_id": "111314928072",
            "id": "subnet-03659d4f814c1c4e4",
            "region": "us-east-1"
          },
          "private": "eyJlMmJmYjczMC1lY2FhLTExZTYtOGY4OC0zNDM2M2JjN2M0YzAiOnsiY3JlYXRlIjo2MDAwMDAwMDAwMDAsImRlbGV0ZSI6MTIwMDAwMDAwMDAwMH0sInNjaGVtYV92ZXJzaW9uIjoiMSJ9",
          "dependencies": [
            "aws_vpc.vpc_param"
          ]
        }
      ]
    },
    {
      "mode": "managed",
      "type": "aws_subnet",
      "name": "private-snet-param-1b",
      "provider": "provider[\"registry.terraform.io/hashicorp/aws\"]",
      "instances": [
        {
          "schema_version": 1,
          "attributes": {
            "arn": "arn:aws:ec2:us-east-1:111314928072:subnet/subnet-009ca98f3f57f540a",
            "assign_ipv6_address_on_creation": false,
            "availability_zone": "us-east-1b",
            "availability_zone_id": "use1-az2",
            "cidr_block": "10.0.4.0/24",
            "customer_owned_ipv4_pool": "",
            "enable_dns64": false,
            "enable_lni_at_device_index": 0,
            "enable_resource_name_dns_a_record_on_launch": false,
            "enable_resource_name_dns_aaaa_record_on_launch": false,
            "id": "subnet-009ca98f3f57f540a",
            "ipv4_ipam_pool_id": null,
            "ipv4_netmask_length": null,
            "ipv6_cidr_block": "",
            "ipv6_cidr_block_association_id": "",
            "ipv6_ipam_pool_id": null,
            "ipv6_native": false,
            "ipv6_netmask_length": null,
            "map_customer_owned_ip_on_launch": false,
            "map_public_ip_on_launch": false,
            "outpost_arn": "",
            "owner_id": "111314928072",
            "private_dns_hostname_type_on_launch": "ip-name",
            "region": "us-east-1",
            "tags": {
              "Name": "private-snet-tf-1b"
            },
            "tags_all": {
              "Name": "private-snet-tf-1b"
            },
            "timeouts": null,
            "vpc_id": "vpc-09a9633f6359a2abb"
          },
          "sensitive_attributes": [],
          "identity_schema_version": 0,
          "identity": {
            "account_id": "111314928072",
            "id": "subnet-009ca98f3f57f540a",
            "region": "us-east-1"
          },
          "private": "eyJlMmJmYjczMC1lY2FhLTExZTYtOGY4OC0zNDM2M2JjN2M0YzAiOnsiY3JlYXRlIjo2MDAwMDAwMDAwMDAsImRlbGV0ZSI6MTIwMDAwMDAwMDAwMH0sInNjaGVtYV92ZXJzaW9uIjoiMSJ9",
          "dependencies": [
            "aws_vpc.vpc_param"
          ]
        }
      ]
    },
    {
      "mode": "managed",
      "type": "aws_subnet",
      "name": "public-snet-param-1a",
      "provider": "provider[\"registry.terraform.io/hashicorp/aws\"]",
      "instances": [
        {
          "schema_version": 1,
          "attributes": {
            "arn": "arn:aws:ec2:us-east-1:111314928072:subnet/subnet-0c773cded49ff4551",
            "assign_ipv6_address_on_creation": false,
            "availability_zone": "us-east-1a",
            "availability_zone_id": "use1-az1",
            "cidr_block": "10.0.1.0/24",
            "customer_owned_ipv4_pool": "",
            "enable_dns64": false,
            "enable_lni_at_device_index": 0,
            "enable_resource_name_dns_a_record_on_launch": false,
            "enable_resource_name_dns_aaaa_record_on_launch": false,
            "id": "subnet-0c773cded49ff4551",
            "ipv4_ipam_pool_id": null,
            "ipv4_netmask_length": null,
            "ipv6_cidr_block": "",
            "ipv6_cidr_block_association_id": "",
            "ipv6_ipam_pool_id": null,
            "ipv6_native": false,
            "ipv6_netmask_length": null,
            "map_customer_owned_ip_on_launch": false,
            "map_public_ip_on_launch": false,
            "outpost_arn": "",
            "owner_id": "111314928072",
            "private_dns_hostname_type_on_launch": "ip-name",
            "region": "us-east-1",
            "tags": {
              "Name": "public-snet-tf-1a"
            },
            "tags_all": {
              "Name": "public-snet-tf-1a"
            },
            "timeouts": null,
            "vpc_id": "vpc-09a9633f6359a2abb"
          },
          "sensitive_attributes": [],
          "identity_schema_version": 0,
          "identity": {
            "account_id": "111314928072",
            "id": "subnet-0c773cded49ff4551",
            "region": "us-east-1"
          },
          "private": "eyJlMmJmYjczMC1lY2FhLTExZTYtOGY4OC0zNDM2M2JjN2M0YzAiOnsiY3JlYXRlIjo2MDAwMDAwMDAwMDAsImRlbGV0ZSI6MTIwMDAwMDAwMDAwMH0sInNjaGVtYV92ZXJzaW9uIjoiMSJ9",
          "dependencies": [
            "aws_vpc.vpc_param"
          ]
        }
      ]
    },
    {
      "mode": "managed",
      "type": "aws_subnet",
      "name": "public-snet-param-1b",
      "provider": "provider[\"registry.terraform.io/hashicorp/aws\"]",
      "instances": [
        {
          "schema_version": 1,
          "attributes": {
            "arn": "arn:aws:ec2:us-east-1:111314928072:subnet/subnet-0a51f4f8d5e70d6e8",
            "assign_ipv6_address_on_creation": false,
            "availability_zone": "us-east-1b",
            "availability_zone_id": "use1-az2",
            "cidr_block": "10.0.2.0/24",
            "customer_owned_ipv4_pool": "",
            "enable_dns64": false,
            "enable_lni_at_device_index": 0,
            "enable_resource_name_dns_a_record_on_launch": false,
            "enable_resource_name_dns_aaaa_record_on_launch": false,
            "id": "subnet-0a51f4f8d5e70d6e8",
            "ipv4_ipam_pool_id": null,
            "ipv4_netmask_length": null,
            "ipv6_cidr_block": "",
            "ipv6_cidr_block_association_id": "",
            "ipv6_ipam_pool_id": null,
            "ipv6_native": false,
            "ipv6_netmask_length": null,
            "map_customer_owned_ip_on_launch": false,
            "map_public_ip_on_launch": false,
            "outpost_arn": "",
            "owner_id": "111314928072",
            "private_dns_hostname_type_on_launch": "ip-name",
            "region": "us-east-1",
            "tags": {
              "Name": "public-snet-tf-1b"
            },
            "tags_all": {
              "Name": "public-snet-tf-1b"
            },
            "timeouts": null,
            "vpc_id": "vpc-09a9633f6359a2abb"
          },
          "sensitive_attributes": [],
          "identity_schema_version": 0,
          "identity": {
            "account_id": "111314928072",
            "id": "subnet-0a51f4f8d5e70d6e8",
            "region": "us-east-1"
          },
          "private": "eyJlMmJmYjczMC1lY2FhLTExZTYtOGY4OC0zNDM2M2JjN2M0YzAiOnsiY3JlYXRlIjo2MDAwMDAwMDAwMDAsImRlbGV0ZSI6MTIwMDAwMDAwMDAwMH0sInNjaGVtYV92ZXJzaW9uIjoiMSJ9",
          "dependencies": [
            "aws_vpc.vpc_param"
          ]
        }
      ]
    },
    {
      "mode": "managed",
      "type": "aws_vpc",
      "name": "vpc_param",
      "provider": "provider[\"registry.terraform.io/hashicorp/aws\"]",
      "instances": [
        {
          "schema_version": 1,
          "attributes": {
            "arn": "arn:aws:ec2:us-east-1:111314928072:vpc/vpc-09a9633f6359a2abb",
            "assign_generated_ipv6_cidr_block": false,
            "cidr_block": "10.0.0.0/16",
            "default_network_acl_id": "acl-08f3ec8cf753c3711",
            "default_route_table_id": "rtb-0b6b46777fb5bf308",
            "default_security_group_id": "sg-094ab138e0d213c8d",
            "dhcp_options_id": "dopt-04577571e97470144",
            "enable_dns_hostnames": true,
            "enable_dns_support": true,
            "enable_network_address_usage_metrics": false,
            "id": "vpc-09a9633f6359a2abb",
            "instance_tenancy": "default",
            "ipv4_ipam_pool_id": null,
            "ipv4_netmask_length": null,
            "ipv6_association_id": "",
            "ipv6_cidr_block": "",
            "ipv6_cidr_block_network_border_group": "",
            "ipv6_ipam_pool_id": "",
            "ipv6_netmask_length": 0,
            "main_route_table_id": "rtb-0b6b46777fb5bf308",
            "owner_id": "111314928072",
            "region": "us-east-1",
            "tags": {
              "Name": "vpc_tf"
            },
            "tags_all": {
              "Name": "vpc_tf"
            }
          },
          "sensitive_attributes": [],
          "identity_schema_version": 0,
          "identity": {
            "account_id": "111314928072",
            "id": "vpc-09a9633f6359a2abb",
            "region": "us-east-1"
          },
          "private": "eyJzY2hlbWFfdmVyc2lvbiI6IjEifQ==",
          "create_before_destroy": true
        }
      ]
    },
    {
      "mode": "managed",
      "type": "aws_vpc_security_group_egress_rule",
      "name": "ansible-sg-egress-param-all",
      "provider": "provider[\"registry.terraform.io/hashicorp/aws\"]",
      "instances": [
        {
          "schema_version": 0,
          "attributes": {
            "arn": "arn:aws:ec2:us-east-1:111314928072:security-group-rule/sgr-00f9166276e676eca",
            "cidr_ipv4": "0.0.0.0/0",
            "cidr_ipv6": null,
            "description": null,
            "from_port": null,
            "id": "sgr-00f9166276e676eca",
            "ip_protocol": "-1",
            "prefix_list_id": null,
            "referenced_security_group_id": null,
            "region": "us-east-1",
            "security_group_id": "sg-03b5f9636f79923c0",
            "security_group_rule_id": "sgr-00f9166276e676eca",
            "tags": null,
            "tags_all": {},
            "to_port": null
          },
          "sensitive_attributes": [],
          "identity_schema_version": 0,
          "identity": {
            "account_id": "111314928072",
            "id": "sgr-00f9166276e676eca",
            "region": "us-east-1"
          },
          "dependencies": [
            "aws_security_group.ansible-sg-param",
            "aws_vpc.vpc_param"
          ]
        }
      ]
    },
    {
      "mode": "managed",
      "type": "aws_vpc_security_group_egress_rule",
      "name": "backend-sg-egress-param-all",
      "provider": "provider[\"registry.terraform.io/hashicorp/aws\"]",
      "instances": [
        {
          "schema_version": 0,
          "attributes": {
            "arn": "arn:aws:ec2:us-east-1:111314928072:security-group-rule/sgr-08b4589e14411b09f",
            "cidr_ipv4": "0.0.0.0/0",
            "cidr_ipv6": null,
            "description": null,
            "from_port": null,
            "id": "sgr-08b4589e14411b09f",
            "ip_protocol": "-1",
            "prefix_list_id": null,
            "referenced_security_group_id": null,
            "region": "us-east-1",
            "security_group_id": "sg-0a3e806ad2b5fa58f",
            "security_group_rule_id": "sgr-08b4589e14411b09f",
            "tags": null,
            "tags_all": {},
            "to_port": null
          },
          "sensitive_attributes": [],
          "identity_schema_version": 0,
          "identity": {
            "account_id": "111314928072",
            "id": "sgr-08b4589e14411b09f",
            "region": "us-east-1"
          },
          "dependencies": [
            "aws_security_group.backend-sg-param",
            "aws_vpc.vpc_param"
          ]
        }
      ]
    },
    {
      "mode": "managed",
      "type": "aws_vpc_security_group_egress_rule",
      "name": "efs-sg-egress-param-all",
      "provider": "provider[\"registry.terraform.io/hashicorp/aws\"]",
      "instances": [
        {
          "schema_version": 0,
          "attributes": {
            "arn": "arn:aws:ec2:us-east-1:111314928072:security-group-rule/sgr-0af78018e63f7fc8a",
            "cidr_ipv4": "0.0.0.0/0",
            "cidr_ipv6": null,
            "description": null,
            "from_port": null,
            "id": "sgr-0af78018e63f7fc8a",
            "ip_protocol": "-1",
            "prefix_list_id": null,
            "referenced_security_group_id": null,
            "region": "us-east-1",
            "security_group_id": "sg-0cd8f5ee6aeeb082f",
            "security_group_rule_id": "sgr-0af78018e63f7fc8a",
            "tags": null,
            "tags_all": {},
            "to_port": null
          },
          "sensitive_attributes": [],
          "identity_schema_version": 0,
          "identity": {
            "account_id": "111314928072",
            "id": "sgr-0af78018e63f7fc8a",
            "region": "us-east-1"
          },
          "dependencies": [
            "aws_security_group.efs-sg-param",
            "aws_vpc.vpc_param"
          ]
        }
      ]
    },
    {
      "mode": "managed",
      "type": "aws_vpc_security_group_egress_rule",
      "name": "frontend-sg-egress-param-all",
      "provider": "provider[\"registry.terraform.io/hashicorp/aws\"]",
      "instances": [
        {
          "schema_version": 0,
          "attributes": {
            "arn": "arn:aws:ec2:us-east-1:111314928072:security-group-rule/sgr-0b747b4213cc10891",
            "cidr_ipv4": "0.0.0.0/0",
            "cidr_ipv6": null,
            "description": null,
            "from_port": null,
            "id": "sgr-0b747b4213cc10891",
            "ip_protocol": "-1",
            "prefix_list_id": null,
            "referenced_security_group_id": null,
            "region": "us-east-1",
            "security_group_id": "sg-018582f2b2ee41033",
            "security_group_rule_id": "sgr-0b747b4213cc10891",
            "tags": null,
            "tags_all": {},
            "to_port": null
          },
          "sensitive_attributes": [],
          "identity_schema_version": 0,
          "identity": {
            "account_id": "111314928072",
            "id": "sgr-0b747b4213cc10891",
            "region": "us-east-1"
          },
          "dependencies": [
            "aws_security_group.frontend-sg-param",
            "aws_vpc.vpc_param"
          ]
        }
      ]
    },
    {
      "mode": "managed",
      "type": "aws_vpc_security_group_ingress_rule",
      "name": "ansible-sg-ingress-ssh",
      "provider": "provider[\"registry.terraform.io/hashicorp/aws\"]",
      "instances": [
        {
          "schema_version": 0,
          "attributes": {
            "arn": "arn:aws:ec2:us-east-1:111314928072:security-group-rule/sgr-097e0251c4e8da1fc",
            "cidr_ipv4": "0.0.0.0/0",
            "cidr_ipv6": null,
            "description": null,
            "from_port": 22,
            "id": "sgr-097e0251c4e8da1fc",
            "ip_protocol": "tcp",
            "prefix_list_id": null,
            "referenced_security_group_id": null,
            "region": "us-east-1",
            "security_group_id": "sg-03b5f9636f79923c0",
            "security_group_rule_id": "sgr-097e0251c4e8da1fc",
            "tags": null,
            "tags_all": {},
            "to_port": 22
          },
          "sensitive_attributes": [],
          "identity_schema_version": 0,
          "identity": {
            "account_id": "111314928072",
            "id": "sgr-097e0251c4e8da1fc",
            "region": "us-east-1"
          },
          "dependencies": [
            "aws_security_group.ansible-sg-param",
            "aws_vpc.vpc_param"
          ]
        }
      ]
    },
    {
      "mode": "managed",
      "type": "aws_vpc_security_group_ingress_rule",
      "name": "backend-sg-ingress-param-8080",
      "provider": "provider[\"registry.terraform.io/hashicorp/aws\"]",
      "instances": [
        {
          "schema_version": 0,
          "attributes": {
            "arn": "arn:aws:ec2:us-east-1:111314928072:security-group-rule/sgr-08e1714c793d404a6",
            "cidr_ipv4": null,
            "cidr_ipv6": null,
            "description": null,
            "from_port": 8080,
            "id": "sgr-08e1714c793d404a6",
            "ip_protocol": "tcp",
            "prefix_list_id": null,
            "referenced_security_group_id": "sg-0f0253fdc0855afc9",
            "region": "us-east-1",
            "security_group_id": "sg-0a3e806ad2b5fa58f",
            "security_group_rule_id": "sgr-08e1714c793d404a6",
            "tags": null,
            "tags_all": {},
            "to_port": 8080
          },
          "sensitive_attributes": [],
          "identity_schema_version": 0,
          "identity": {
            "account_id": "111314928072",
            "id": "sgr-08e1714c793d404a6",
            "region": "us-east-1"
          },
          "dependencies": [
            "aws_security_group.alb-sg-param",
            "aws_security_group.backend-sg-param",
            "aws_vpc.vpc_param"
          ]
        }
      ]
    },
    {
      "mode": "managed",
      "type": "aws_vpc_security_group_ingress_rule",
      "name": "backend-sg-ingress-ssh",
      "provider": "provider[\"registry.terraform.io/hashicorp/aws\"]",
      "instances": [
        {
          "schema_version": 0,
          "attributes": {
            "arn": "arn:aws:ec2:us-east-1:111314928072:security-group-rule/sgr-0dfa0768eae103bb4",
            "cidr_ipv4": "0.0.0.0/0",
            "cidr_ipv6": null,
            "description": null,
            "from_port": 22,
            "id": "sgr-0dfa0768eae103bb4",
            "ip_protocol": "tcp",
            "prefix_list_id": null,
            "referenced_security_group_id": null,
            "region": "us-east-1",
            "security_group_id": "sg-0a3e806ad2b5fa58f",
            "security_group_rule_id": "sgr-0dfa0768eae103bb4",
            "tags": null,
            "tags_all": {},
            "to_port": 22
          },
          "sensitive_attributes": [],
          "identity_schema_version": 0,
          "identity": {
            "account_id": "111314928072",
            "id": "sgr-0dfa0768eae103bb4",
            "region": "us-east-1"
          },
          "dependencies": [
            "aws_security_group.backend-sg-param",
            "aws_vpc.vpc_param"
          ]
        }
      ]
    },
    {
      "mode": "managed",
      "type": "aws_vpc_security_group_ingress_rule",
      "name": "efs-sg-ingress-param-2049",
      "provider": "provider[\"registry.terraform.io/hashicorp/aws\"]",
      "instances": [
        {
          "schema_version": 0,
          "attributes": {
            "arn": "arn:aws:ec2:us-east-1:111314928072:security-group-rule/sgr-07a46c647cd2f8997",
            "cidr_ipv4": null,
            "cidr_ipv6": null,
            "description": null,
            "from_port": 2049,
            "id": "sgr-07a46c647cd2f8997",
            "ip_protocol": "tcp",
            "prefix_list_id": null,
            "referenced_security_group_id": "sg-0a3e806ad2b5fa58f",
            "region": "us-east-1",
            "security_group_id": "sg-0cd8f5ee6aeeb082f",
            "security_group_rule_id": "sgr-07a46c647cd2f8997",
            "tags": null,
            "tags_all": {},
            "to_port": 2049
          },
          "sensitive_attributes": [],
          "identity_schema_version": 0,
          "identity": {
            "account_id": "111314928072",
            "id": "sgr-07a46c647cd2f8997",
            "region": "us-east-1"
          },
          "dependencies": [
            "aws_security_group.backend-sg-param",
            "aws_security_group.efs-sg-param",
            "aws_vpc.vpc_param"
          ]
        }
      ]
    },
    {
      "mode": "managed",
      "type": "aws_vpc_security_group_ingress_rule",
      "name": "frontend-sg-ingress-param-3000",
      "provider": "provider[\"registry.terraform.io/hashicorp/aws\"]",
      "instances": [
        {
          "schema_version": 0,
          "attributes": {
            "arn": "arn:aws:ec2:us-east-1:111314928072:security-group-rule/sgr-0fbe5e133a31fe812",
            "cidr_ipv4": "10.0.0.0/16",
            "cidr_ipv6": null,
            "description": null,
            "from_port": 3000,
            "id": "sgr-0fbe5e133a31fe812",
            "ip_protocol": "tcp",
            "prefix_list_id": null,
            "referenced_security_group_id": null,
            "region": "us-east-1",
            "security_group_id": "sg-018582f2b2ee41033",
            "security_group_rule_id": "sgr-0fbe5e133a31fe812",
            "tags": null,
            "tags_all": {},
            "to_port": 3000
          },
          "sensitive_attributes": [],
          "identity_schema_version": 0,
          "identity": {
            "account_id": "111314928072",
            "id": "sgr-0fbe5e133a31fe812",
            "region": "us-east-1"
          },
          "dependencies": [
            "aws_security_group.frontend-sg-param",
            "aws_vpc.vpc_param"
          ]
        }
      ]
    },
    {
      "mode": "managed",
      "type": "aws_vpc_security_group_ingress_rule",
      "name": "frontend-sg-ingress-ssh",
      "provider": "provider[\"registry.terraform.io/hashicorp/aws\"]",
      "instances": [
        {
          "schema_version": 0,
          "attributes": {
            "arn": "arn:aws:ec2:us-east-1:111314928072:security-group-rule/sgr-01517a2c1fe530d3d",
            "cidr_ipv4": "0.0.0.0/0",
            "cidr_ipv6": null,
            "description": null,
            "from_port": 22,
            "id": "sgr-01517a2c1fe530d3d",
            "ip_protocol": "tcp",
            "prefix_list_id": null,
            "referenced_security_group_id": null,
            "region": "us-east-1",
            "security_group_id": "sg-018582f2b2ee41033",
            "security_group_rule_id": "sgr-01517a2c1fe530d3d",
            "tags": null,
            "tags_all": {},
            "to_port": 22
          },
          "sensitive_attributes": [],
          "identity_schema_version": 0,
          "identity": {
            "account_id": "111314928072",
            "id": "sgr-01517a2c1fe530d3d",
            "region": "us-east-1"
          },
          "dependencies": [
            "aws_security_group.frontend-sg-param",
            "aws_vpc.vpc_param"
          ]
        }
      ]
    },
    {
      "mode": "managed",
      "type": "local_file",
      "name": "private_key",
      "provider": "provider[\"registry.terraform.io/hashicorp/local\"]",
      "instances": [
        {
          "schema_version": 0,
          "attributes": {
            "content": "-----BEGIN RSA PRIVATE KEY-----\nMIIJJwIBAAKCAgEAznOMR1NW3jN0zqvxnvcPEqpB8PhcpS2w8iB8KJX3dUN9Ma3R\nGIhJMKtnf7g98ohLMMDTnOgCLFE4AuMuvgOXKmZgwk7OGjlyappBevcVl99RP0Nk\nF2GXBSrG92Rg0s8WBqMiaSw8Z3q47tSvaiPwbaomz/1q98KQb1+LcAGeUUFGi7xD\noKq7ZhjO4vSrRJEhNMXycUIO2n8/humzSc10wVU0E1ug6gtm46GqDJ7t/vMv+FW6\nH3A5wKTenM2HoGJfpVOH22zoLDNr2P08Ch+jJfBg6nkZGsEkpB9tpideYiuuXag/\nsZI43mxdNMkwoULbA4jhV6VPKZhHTq8yTktAvKAMYGMbXZtKhLe7z5iEFk6cWg1Z\nz6aFNVfWLtRWAbwF60JkaYymOUsB1pzzCWR2Ci9neNG+fvdHrqkUp+IlmDtiMdJ7\n9LsqqxxHHKQdcCe2gJ1jkMBoCs5WHgtri2hHWmDYBIIX+wIE8wK2mt6aRg80LiJv\nn89ZEPulzQxgJ2oyj2s6kMRwkqxlPxHp33PaW6iCCchSxAGZ/VGXhHfd0eXG6VU6\na4tOmNCXa6eCHpNABLwJRVXDY5w7iLZ/TUHVUtV4DtHYbYG4lzD0kNuZuP/5hb48\nrlVh2IY43dvH3h+JG6C9Md4/0R96pTxJx3E3KuT4JtxCs09duUkPaug/aqsCAwEA\nAQKCAf8LSkZhoC0f+bBpnP2Zs+kfHDB+/RYT8mu60gv4LDtcLlSqYtcMgGeAQd9n\nHKxGly2FfQYVjpqP0eE+Ry5HNesOZorkFWswA/Q94DG0h86mf4/x5b2TicK4hZ5b\n6SFiZfDObB11ovWqswtqBDeTlmOPm76DoVg4NGuxq4f0mCIQT4GMIr+QCcY1zyWB\nQ+AZ39XxDOI1T2eAi3Tt69niL1ozOHWgmWIzamw2BqFGD2r0hlgZPJbxITIHVvzV\nlmfUXYzdfbPwTARmZml/dFnUM+a4LG0gZX7595YJY66bZ4vB0qG2fXz+OQDjKQnv\n2RDPwNg5WUL5iBDMNYewxeP6ZCMmFGvM0Xza9fg54MidoHSeSqde/IElMJLLKezS\nk72Hv7HKrD87AU7audHlS5E24Iuw91NupV/idrO7pKMFOsFaP6bJoPpQ/LEZ4Eit\nbm2O7fKK+wsA/Bp8gCpLlPNDamLlD2qyEr/hbCPNOMY0dr2P7sgxMU/GrQPg9w7/\nPZ3od3cHaMk8uQB5HK0WJX/tOnvWhdBuOVduX+TwzcLDvmRzWBxBCLNPzClgS2U7\nGV9iR3GcvmCx/b24nNdYmPIvRTOq+jf1FBLB5mFaV6xfcHEm9iT08GAzu7JzU6o4\ne7nAr1/EWkj/quBdrpiE+ZQkXI62kVneSFCKCObIqJQ20atBAoIBAQDy5hinlQvh\nvllul7VjoVis+r9GDrsRT998BMEPEVFdtyGr1fHzr18cTaIQ0OmAahoLJAhZc7LS\nadII/ntB14azhp79L6FVSKaHpP5YgE3TuDbCNlW2kJ+K+6HZ07zLC07JyTrr008V\nrv+/hLBNpPk7ogY35maU22PA02cBlTyIcLJEdOdy1XVsTwZNVPGhFoPdadoXy2G0\ndHkVR+ha9RLEa34YlaLPFKpBA/3dC81+cTmuhlJWgUK4JYgXG+MTEHj5LhGYradU\n3IkfbbtHpbJM6DY+OEp07wv4FB0jPUnR0KorQ0g+UXw+ZyX4wcAxlBHzA7pvwPle\nhMx7UzUymIXbAoIBAQDZljERsNvPCMBbP6T8ua/4FXzJkdEIERGFiIkosHCRDgwD\nkDwhZyK0qNcDqxfD3PkRqd6yrs8aI2iZUy8SHtqaEcSQceZTcrENl/7uQeTvURRQ\ndqg+vITJuaVj9hERWvEjpYnE/F+i0dpdPGY2hxvx2QPPCcu+Tva796m2bMTIpoQF\nlUSWYK10Nym53Lvv1On2BsFG+2d+DXd4oKUsUuiE0HriDC1YJHiBd4lRtqCX9Vnp\nH36JkIgi8i91ea9ejx+5yy6mUljzfADaMJypoBGbW/KMOKsG3SeMCHTeGIzLZwi9\nqlg0gAGGWPTUBePFIbs57HMgBPyx7ocih65upY9xAoIBAQDhnczEzHLO6ooTaaM4\nucOuWPKV1lT4TaKehaP1pPZZACOsgvtMiFbl6U5iJErf1q3+Lyf6PreZLmXDqO1A\nSTt7Qc4oCrfmiab1U9JUzkh8Ih3q46FWBJvM8tJxjHVOfGBgmiO6rPpGf9haQpuo\nY1aFh4gTIFWkauwLTdHd7IrfiR5s69GYHqIFSpnl9sLCCDHP1eSYOXe1sIJPvA0d\nf4pBHD9yAnvJsb46ycRiL/ZePjl/3JBafZJFjccNAAA50xErExmRIavN7VMI+Fn+\nwPAO85p+zLaMSwZpFfXCp8kLtLB7ovFVwUaQiCsDFqS46HqLqajg6PQ4UU3GN5Gw\nP3AFAoIBAFOedqkX0MGV2Wa35M4DBm9OwrAsS6rP9G3e9OcgN4JnZZKRAarMmffX\n0xnjzLRG3ak+IQmGSK0A4pfZ8gMCvHvtTB8+xodXUlepDB3AURzvieEKWMoTZOyp\nXbg2voRu8LEEUxfS7WYDQ+oE5jsaXVDqV55fY191tTizixNCZbW+2InUvZEVAlPh\nRzXYcJlQt8EHA4wl3bYBsuI2yoNoMVepTzBEAcEX8v++UpWGm90KO01t/xEa7FaR\nwE9jPlQWqNicDwd4KhsYkrNHb0146ItOIL5moMN4hlQ4g8E+qg0ZQbCyIEe80dkx\nopVA1jHSLsOp7OxnPj2bL2/DuPNoyOECggEAQWCcA1cIlBely9gYY5d+3gCMoLDz\nvAW5P9YrOq+NXfZyFTUnZchLdOugzQdXEcF4vld097SoVNepLrErrI7O0qZ/LKQ5\nwyao/fbDtqe9JFLz86/hdVZGc12B0v9Ehkfgh4/+WxaYYFJVBq51POY1+GQpyAhz\nJpaMGhblnuH3+APtPCWzA38+NCc6fb5kHjrJLvWnV3OkdcHZpcQaH7r/ktjHYR+8\njRENf/pYecjYjVB95lJwJoa0gshKnlUTH2cxVrgIe3iRnkWmDJ81XT05a/Vg/lNb\npNu151be/eYCRb99PpUUacBc0jk0UysWmjXyGAEHVJV0yU6CjXx51E9pPw==\n-----END RSA PRIVATE KEY-----\n",
            "content_base64": null,
            "content_base64sha256": "ijqccbj+fCURPsTV8UYm1Lj43Y/denLKGYJzkvOig3c=",
            "content_base64sha512": "xZpryZP4HPRB8wbX2Lh70P7i7byV3wWi8bAH2pgmYZ+mQaebMJOqUtd5voJ00jKhPO0Pd0Xmu+6gLu7SvE7XmQ==",
            "content_md5": "9a294199b2d76d32b53e71ce52fbad2c",
            "content_sha1": "c7b3e79d6b1946e87300382b409bb935272f98f0",
            "content_sha256": "8a3a9c71b8fe7c25113ec4d5f14626d4b8f8dd8fdd7a72ca19827392f3a28377",
            "content_sha512": "c59a6bc993f81cf441f306d7d8b87bd0fee2edbc95df05a2f1b007da9826619fa641a79b3093aa52d779be8274d232a13ced0f7745e6bbeea02eeed2bc4ed799",
            "directory_permission": "0777",
            "file_permission": "0400",
            "filename": "./aws-ssh-key.pem",
            "id": "c7b3e79d6b1946e87300382b409bb935272f98f0",
            "sensitive_content": null,
            "source": null
          },
          "sensitive_attributes": [
            [
              {
                "type": "get_attr",
                "value": "content"
              }
            ],
            [
              {
                "type": "get_attr",
                "value": "sensitive_content"
              }
            ]
          ],
          "identity_schema_version": 0,
          "dependencies": [
            "tls_private_key.deployer"
          ]
        }
      ]
    },
    {
      "mode": "managed",
      "type": "tls_private_key",
      "name": "deployer",
      "provider": "provider[\"registry.terraform.io/hashicorp/tls\"]",
      "instances": [
        {
          "schema_version": 1,
          "attributes": {
            "algorithm": "RSA",
            "ecdsa_curve": "P224",
            "id": "92cde610bcf188e5f51f39bdfeb4a3c8648b91ba",
            "private_key_openssh": "-----BEGIN OPENSSH PRIVATE KEY-----\nb3BlbnNzaC1rZXktdjEAAAAABG5vbmUAAAAEbm9uZQAAAAAAAAABAAACFwAAAAdz\nc2gtcnNhAAAAAwEAAQAAAgEAznOMR1NW3jN0zqvxnvcPEqpB8PhcpS2w8iB8KJX3\ndUN9Ma3RGIhJMKtnf7g98ohLMMDTnOgCLFE4AuMuvgOXKmZgwk7OGjlyappBevcV\nl99RP0NkF2GXBSrG92Rg0s8WBqMiaSw8Z3q47tSvaiPwbaomz/1q98KQb1+LcAGe\nUUFGi7xDoKq7ZhjO4vSrRJEhNMXycUIO2n8/humzSc10wVU0E1ug6gtm46GqDJ7t\n/vMv+FW6H3A5wKTenM2HoGJfpVOH22zoLDNr2P08Ch+jJfBg6nkZGsEkpB9tpide\nYiuuXag/sZI43mxdNMkwoULbA4jhV6VPKZhHTq8yTktAvKAMYGMbXZtKhLe7z5iE\nFk6cWg1Zz6aFNVfWLtRWAbwF60JkaYymOUsB1pzzCWR2Ci9neNG+fvdHrqkUp+Il\nmDtiMdJ79LsqqxxHHKQdcCe2gJ1jkMBoCs5WHgtri2hHWmDYBIIX+wIE8wK2mt6a\nRg80LiJvn89ZEPulzQxgJ2oyj2s6kMRwkqxlPxHp33PaW6iCCchSxAGZ/VGXhHfd\n0eXG6VU6a4tOmNCXa6eCHpNABLwJRVXDY5w7iLZ/TUHVUtV4DtHYbYG4lzD0kNuZ\nuP/5hb48rlVh2IY43dvH3h+JG6C9Md4/0R96pTxJx3E3KuT4JtxCs09duUkPaug/\naqsAAAc4rmdkva5nZL0AAAAHc3NoLXJzYQAAAgEAznOMR1NW3jN0zqvxnvcPEqpB\n8PhcpS2w8iB8KJX3dUN9Ma3RGIhJMKtnf7g98ohLMMDTnOgCLFE4AuMuvgOXKmZg\nwk7OGjlyappBevcVl99RP0NkF2GXBSrG92Rg0s8WBqMiaSw8Z3q47tSvaiPwbaom\nz/1q98KQb1+LcAGeUUFGi7xDoKq7ZhjO4vSrRJEhNMXycUIO2n8/humzSc10wVU0\nE1ug6gtm46GqDJ7t/vMv+FW6H3A5wKTenM2HoGJfpVOH22zoLDNr2P08Ch+jJfBg\n6nkZGsEkpB9tpideYiuuXag/sZI43mxdNMkwoULbA4jhV6VPKZhHTq8yTktAvKAM\nYGMbXZtKhLe7z5iEFk6cWg1Zz6aFNVfWLtRWAbwF60JkaYymOUsB1pzzCWR2Ci9n\neNG+fvdHrqkUp+IlmDtiMdJ79LsqqxxHHKQdcCe2gJ1jkMBoCs5WHgtri2hHWmDY\nBIIX+wIE8wK2mt6aRg80LiJvn89ZEPulzQxgJ2oyj2s6kMRwkqxlPxHp33PaW6iC\nCchSxAGZ/VGXhHfd0eXG6VU6a4tOmNCXa6eCHpNABLwJRVXDY5w7iLZ/TUHVUtV4\nDtHYbYG4lzD0kNuZuP/5hb48rlVh2IY43dvH3h+JG6C9Md4/0R96pTxJx3E3KuT4\nJtxCs09duUkPaug/aqsAAAADAQABAAAB/wtKRmGgLR/5sGmc/Zmz6R8cMH79FhPy\na7rSC/gsO1wuVKpi1wyAZ4BB32ccrEaXLYV9BhWOmo/R4T5HLkc16w5miuQVazAD\n9D3gMbSHzqZ/j/HlvZOJwriFnlvpIWJl8M5sHXWi9aqzC2oEN5OWY4+bvoOhWDg0\na7Grh/SYIhBPgYwiv5AJxjXPJYFD4Bnf1fEM4jVPZ4CLdO3r2eIvWjM4daCZYjNq\nbDYGoUYPavSGWBk8lvEhMgdW/NWWZ9RdjN19s/BMBGZmaX90WdQz5rgsbSBlfvn3\nlgljrptni8HSobZ9fP45AOMpCe/ZEM/A2DlZQvmIEMw1h7DF4/pkIyYUa8zRfNr1\n+DngyJ2gdJ5Kp178gSUwkssp7NKTvYe/scqsPzsBTtq50eVLkTbgi7D3U26lX+J2\ns7ukowU6wVo/psmg+lD8sRngSK1ubY7t8or7CwD8GnyAKkuU80NqYuUParISv+Fs\nI804xjR2vY/uyDExT8atA+D3Dv89neh3dwdoyTy5AHkcrRYlf+06e9aF0G45V25f\n5PDNwsO+ZHNYHEEIs0/MKWBLZTsZX2JHcZy+YLH9vbic11iY8i9FM6r6N/UUEsHm\nYVpXrF9wcSb2JPTwYDO7snNTqjh7ucCvX8RaSP+q4F2umIT5lCRcjraRWd5IUIoI\n5siolDbRq0EAAAEAQWCcA1cIlBely9gYY5d+3gCMoLDzvAW5P9YrOq+NXfZyFTUn\nZchLdOugzQdXEcF4vld097SoVNepLrErrI7O0qZ/LKQ5wyao/fbDtqe9JFLz86/h\ndVZGc12B0v9Ehkfgh4/+WxaYYFJVBq51POY1+GQpyAhzJpaMGhblnuH3+APtPCWz\nA38+NCc6fb5kHjrJLvWnV3OkdcHZpcQaH7r/ktjHYR+8jRENf/pYecjYjVB95lJw\nJoa0gshKnlUTH2cxVrgIe3iRnkWmDJ81XT05a/Vg/lNbpNu151be/eYCRb99PpUU\nacBc0jk0UysWmjXyGAEHVJV0yU6CjXx51E9pPwAAAQEA8uYYp5UL4b5Zbpe1Y6FY\nrPq/Rg67EU/ffATBDxFRXbchq9Xx869fHE2iENDpgGoaCyQIWXOy0mnSCP57QdeG\ns4ae/S+hVUimh6T+WIBN07g2wjZVtpCfivuh2dO8ywtOyck669NPFa7/v4SwTaT5\nO6IGN+ZmlNtjwNNnAZU8iHCyRHTnctV1bE8GTVTxoRaD3WnaF8thtHR5FUfoWvUS\nxGt+GJWizxSqQQP93QvNfnE5roZSVoFCuCWIFxvjExB4+S4RmK2nVNyJH227R6Wy\nTOg2PjhKdO8L+BQdIz1J0dCqK0NIPlF8Pmcl+MHAMZQR8wO6b8D5XoTMe1M1MpiF\n2wAAAQEA2ZYxEbDbzwjAWz+k/Lmv+BV8yZHRCBERhYiJKLBwkQ4MA5A8IWcitKjX\nA6sXw9z5Eanesq7PGiNomVMvEh7amhHEkHHmU3KxDZf+7kHk71EUUHaoPryEybml\nY/YREVrxI6WJxPxfotHaXTxmNocb8dkDzwnLvk72u/eptmzEyKaEBZVElmCtdDcp\nudy779Tp9gbBRvtnfg13eKClLFLohNB64gwtWCR4gXeJUbagl/VZ6R9+iZCIIvIv\ndXmvXo8fucsuplJY83wA2jCcqaARm1vyjDirBt0njAh03hiMy2cIvapYNIABhlj0\n1AXjxSG7OexzIAT8se6HIoeubqWPcQAAAAABAgME\n-----END OPENSSH PRIVATE KEY-----\n",
            "private_key_pem": "-----BEGIN RSA PRIVATE KEY-----\nMIIJJwIBAAKCAgEAznOMR1NW3jN0zqvxnvcPEqpB8PhcpS2w8iB8KJX3dUN9Ma3R\nGIhJMKtnf7g98ohLMMDTnOgCLFE4AuMuvgOXKmZgwk7OGjlyappBevcVl99RP0Nk\nF2GXBSrG92Rg0s8WBqMiaSw8Z3q47tSvaiPwbaomz/1q98KQb1+LcAGeUUFGi7xD\noKq7ZhjO4vSrRJEhNMXycUIO2n8/humzSc10wVU0E1ug6gtm46GqDJ7t/vMv+FW6\nH3A5wKTenM2HoGJfpVOH22zoLDNr2P08Ch+jJfBg6nkZGsEkpB9tpideYiuuXag/\nsZI43mxdNMkwoULbA4jhV6VPKZhHTq8yTktAvKAMYGMbXZtKhLe7z5iEFk6cWg1Z\nz6aFNVfWLtRWAbwF60JkaYymOUsB1pzzCWR2Ci9neNG+fvdHrqkUp+IlmDtiMdJ7\n9LsqqxxHHKQdcCe2gJ1jkMBoCs5WHgtri2hHWmDYBIIX+wIE8wK2mt6aRg80LiJv\nn89ZEPulzQxgJ2oyj2s6kMRwkqxlPxHp33PaW6iCCchSxAGZ/VGXhHfd0eXG6VU6\na4tOmNCXa6eCHpNABLwJRVXDY5w7iLZ/TUHVUtV4DtHYbYG4lzD0kNuZuP/5hb48\nrlVh2IY43dvH3h+JG6C9Md4/0R96pTxJx3E3KuT4JtxCs09duUkPaug/aqsCAwEA\nAQKCAf8LSkZhoC0f+bBpnP2Zs+kfHDB+/RYT8mu60gv4LDtcLlSqYtcMgGeAQd9n\nHKxGly2FfQYVjpqP0eE+Ry5HNesOZorkFWswA/Q94DG0h86mf4/x5b2TicK4hZ5b\n6SFiZfDObB11ovWqswtqBDeTlmOPm76DoVg4NGuxq4f0mCIQT4GMIr+QCcY1zyWB\nQ+AZ39XxDOI1T2eAi3Tt69niL1ozOHWgmWIzamw2BqFGD2r0hlgZPJbxITIHVvzV\nlmfUXYzdfbPwTARmZml/dFnUM+a4LG0gZX7595YJY66bZ4vB0qG2fXz+OQDjKQnv\n2RDPwNg5WUL5iBDMNYewxeP6ZCMmFGvM0Xza9fg54MidoHSeSqde/IElMJLLKezS\nk72Hv7HKrD87AU7audHlS5E24Iuw91NupV/idrO7pKMFOsFaP6bJoPpQ/LEZ4Eit\nbm2O7fKK+wsA/Bp8gCpLlPNDamLlD2qyEr/hbCPNOMY0dr2P7sgxMU/GrQPg9w7/\nPZ3od3cHaMk8uQB5HK0WJX/tOnvWhdBuOVduX+TwzcLDvmRzWBxBCLNPzClgS2U7\nGV9iR3GcvmCx/b24nNdYmPIvRTOq+jf1FBLB5mFaV6xfcHEm9iT08GAzu7JzU6o4\ne7nAr1/EWkj/quBdrpiE+ZQkXI62kVneSFCKCObIqJQ20atBAoIBAQDy5hinlQvh\nvllul7VjoVis+r9GDrsRT998BMEPEVFdtyGr1fHzr18cTaIQ0OmAahoLJAhZc7LS\nadII/ntB14azhp79L6FVSKaHpP5YgE3TuDbCNlW2kJ+K+6HZ07zLC07JyTrr008V\nrv+/hLBNpPk7ogY35maU22PA02cBlTyIcLJEdOdy1XVsTwZNVPGhFoPdadoXy2G0\ndHkVR+ha9RLEa34YlaLPFKpBA/3dC81+cTmuhlJWgUK4JYgXG+MTEHj5LhGYradU\n3IkfbbtHpbJM6DY+OEp07wv4FB0jPUnR0KorQ0g+UXw+ZyX4wcAxlBHzA7pvwPle\nhMx7UzUymIXbAoIBAQDZljERsNvPCMBbP6T8ua/4FXzJkdEIERGFiIkosHCRDgwD\nkDwhZyK0qNcDqxfD3PkRqd6yrs8aI2iZUy8SHtqaEcSQceZTcrENl/7uQeTvURRQ\ndqg+vITJuaVj9hERWvEjpYnE/F+i0dpdPGY2hxvx2QPPCcu+Tva796m2bMTIpoQF\nlUSWYK10Nym53Lvv1On2BsFG+2d+DXd4oKUsUuiE0HriDC1YJHiBd4lRtqCX9Vnp\nH36JkIgi8i91ea9ejx+5yy6mUljzfADaMJypoBGbW/KMOKsG3SeMCHTeGIzLZwi9\nqlg0gAGGWPTUBePFIbs57HMgBPyx7ocih65upY9xAoIBAQDhnczEzHLO6ooTaaM4\nucOuWPKV1lT4TaKehaP1pPZZACOsgvtMiFbl6U5iJErf1q3+Lyf6PreZLmXDqO1A\nSTt7Qc4oCrfmiab1U9JUzkh8Ih3q46FWBJvM8tJxjHVOfGBgmiO6rPpGf9haQpuo\nY1aFh4gTIFWkauwLTdHd7IrfiR5s69GYHqIFSpnl9sLCCDHP1eSYOXe1sIJPvA0d\nf4pBHD9yAnvJsb46ycRiL/ZePjl/3JBafZJFjccNAAA50xErExmRIavN7VMI+Fn+\nwPAO85p+zLaMSwZpFfXCp8kLtLB7ovFVwUaQiCsDFqS46HqLqajg6PQ4UU3GN5Gw\nP3AFAoIBAFOedqkX0MGV2Wa35M4DBm9OwrAsS6rP9G3e9OcgN4JnZZKRAarMmffX\n0xnjzLRG3ak+IQmGSK0A4pfZ8gMCvHvtTB8+xodXUlepDB3AURzvieEKWMoTZOyp\nXbg2voRu8LEEUxfS7WYDQ+oE5jsaXVDqV55fY191tTizixNCZbW+2InUvZEVAlPh\nRzXYcJlQt8EHA4wl3bYBsuI2yoNoMVepTzBEAcEX8v++UpWGm90KO01t/xEa7FaR\nwE9jPlQWqNicDwd4KhsYkrNHb0146ItOIL5moMN4hlQ4g8E+qg0ZQbCyIEe80dkx\nopVA1jHSLsOp7OxnPj2bL2/DuPNoyOECggEAQWCcA1cIlBely9gYY5d+3gCMoLDz\nvAW5P9YrOq+NXfZyFTUnZchLdOugzQdXEcF4vld097SoVNepLrErrI7O0qZ/LKQ5\nwyao/fbDtqe9JFLz86/hdVZGc12B0v9Ehkfgh4/+WxaYYFJVBq51POY1+GQpyAhz\nJpaMGhblnuH3+APtPCWzA38+NCc6fb5kHjrJLvWnV3OkdcHZpcQaH7r/ktjHYR+8\njRENf/pYecjYjVB95lJwJoa0gshKnlUTH2cxVrgIe3iRnkWmDJ81XT05a/Vg/lNb\npNu151be/eYCRb99PpUUacBc0jk0UysWmjXyGAEHVJV0yU6CjXx51E9pPw==\n-----END RSA PRIVATE KEY-----\n",
            "private_key_pem_pkcs8": "-----BEGIN PRIVATE KEY-----\nMIIJQQIBADANBgkqhkiG9w0BAQEFAASCCSswggknAgEAAoICAQDOc4xHU1beM3TO\nq/Ge9w8SqkHw+FylLbDyIHwolfd1Q30xrdEYiEkwq2d/uD3yiEswwNOc6AIsUTgC\n4y6+A5cqZmDCTs4aOXJqmkF69xWX31E/Q2QXYZcFKsb3ZGDSzxYGoyJpLDxnerju\n1K9qI/BtqibP/Wr3wpBvX4twAZ5RQUaLvEOgqrtmGM7i9KtEkSE0xfJxQg7afz+G\n6bNJzXTBVTQTW6DqC2bjoaoMnu3+8y/4VbofcDnApN6czYegYl+lU4fbbOgsM2vY\n/TwKH6Ml8GDqeRkawSSkH22mJ15iK65dqD+xkjjebF00yTChQtsDiOFXpU8pmEdO\nrzJOS0C8oAxgYxtdm0qEt7vPmIQWTpxaDVnPpoU1V9Yu1FYBvAXrQmRpjKY5SwHW\nnPMJZHYKL2d40b5+90euqRSn4iWYO2Ix0nv0uyqrHEccpB1wJ7aAnWOQwGgKzlYe\nC2uLaEdaYNgEghf7AgTzAraa3ppGDzQuIm+fz1kQ+6XNDGAnajKPazqQxHCSrGU/\nEenfc9pbqIIJyFLEAZn9UZeEd93R5cbpVTpri06Y0Jdrp4Iek0AEvAlFVcNjnDuI\ntn9NQdVS1XgO0dhtgbiXMPSQ25m4//mFvjyuVWHYhjjd28feH4kboL0x3j/RH3ql\nPEnHcTcq5Pgm3EKzT125SQ9q6D9qqwIDAQABAoIB/wtKRmGgLR/5sGmc/Zmz6R8c\nMH79FhPya7rSC/gsO1wuVKpi1wyAZ4BB32ccrEaXLYV9BhWOmo/R4T5HLkc16w5m\niuQVazAD9D3gMbSHzqZ/j/HlvZOJwriFnlvpIWJl8M5sHXWi9aqzC2oEN5OWY4+b\nvoOhWDg0a7Grh/SYIhBPgYwiv5AJxjXPJYFD4Bnf1fEM4jVPZ4CLdO3r2eIvWjM4\ndaCZYjNqbDYGoUYPavSGWBk8lvEhMgdW/NWWZ9RdjN19s/BMBGZmaX90WdQz5rgs\nbSBlfvn3lgljrptni8HSobZ9fP45AOMpCe/ZEM/A2DlZQvmIEMw1h7DF4/pkIyYU\na8zRfNr1+DngyJ2gdJ5Kp178gSUwkssp7NKTvYe/scqsPzsBTtq50eVLkTbgi7D3\nU26lX+J2s7ukowU6wVo/psmg+lD8sRngSK1ubY7t8or7CwD8GnyAKkuU80NqYuUP\narISv+FsI804xjR2vY/uyDExT8atA+D3Dv89neh3dwdoyTy5AHkcrRYlf+06e9aF\n0G45V25f5PDNwsO+ZHNYHEEIs0/MKWBLZTsZX2JHcZy+YLH9vbic11iY8i9FM6r6\nN/UUEsHmYVpXrF9wcSb2JPTwYDO7snNTqjh7ucCvX8RaSP+q4F2umIT5lCRcjraR\nWd5IUIoI5siolDbRq0ECggEBAPLmGKeVC+G+WW6XtWOhWKz6v0YOuxFP33wEwQ8R\nUV23IavV8fOvXxxNohDQ6YBqGgskCFlzstJp0gj+e0HXhrOGnv0voVVIpoek/liA\nTdO4NsI2VbaQn4r7odnTvMsLTsnJOuvTTxWu/7+EsE2k+TuiBjfmZpTbY8DTZwGV\nPIhwskR053LVdWxPBk1U8aEWg91p2hfLYbR0eRVH6Fr1EsRrfhiVos8UqkED/d0L\nzX5xOa6GUlaBQrgliBcb4xMQePkuEZitp1TciR9tu0elskzoNj44SnTvC/gUHSM9\nSdHQqitDSD5RfD5nJfjBwDGUEfMDum/A+V6EzHtTNTKYhdsCggEBANmWMRGw288I\nwFs/pPy5r/gVfMmR0QgREYWIiSiwcJEODAOQPCFnIrSo1wOrF8Pc+RGp3rKuzxoj\naJlTLxIe2poRxJBx5lNysQ2X/u5B5O9RFFB2qD68hMm5pWP2ERFa8SOlicT8X6LR\n2l08ZjaHG/HZA88Jy75O9rv3qbZsxMimhAWVRJZgrXQ3Kbncu+/U6fYGwUb7Z34N\nd3igpSxS6ITQeuIMLVgkeIF3iVG2oJf1WekffomQiCLyL3V5r16PH7nLLqZSWPN8\nANownKmgEZtb8ow4qwbdJ4wIdN4YjMtnCL2qWDSAAYZY9NQF48UhuznscyAE/LHu\nhyKHrm6lj3ECggEBAOGdzMTMcs7qihNpozi5w65Y8pXWVPhNop6Fo/Wk9lkAI6yC\n+0yIVuXpTmIkSt/Wrf4vJ/o+t5kuZcOo7UBJO3tBzigKt+aJpvVT0lTOSHwiHerj\noVYEm8zy0nGMdU58YGCaI7qs+kZ/2FpCm6hjVoWHiBMgVaRq7AtN0d3sit+JHmzr\n0ZgeogVKmeX2wsIIMc/V5Jg5d7Wwgk+8DR1/ikEcP3ICe8mxvjrJxGIv9l4+OX/c\nkFp9kkWNxw0AADnTESsTGZEhq83tUwj4Wf7A8A7zmn7MtoxLBmkV9cKnyQu0sHui\n8VXBRpCIKwMWpLjoeoupqODo9DhRTcY3kbA/cAUCggEAU552qRfQwZXZZrfkzgMG\nb07CsCxLqs/0bd705yA3gmdlkpEBqsyZ99fTGePMtEbdqT4hCYZIrQDil9nyAwK8\ne+1MHz7Gh1dSV6kMHcBRHO+J4QpYyhNk7KlduDa+hG7wsQRTF9LtZgND6gTmOxpd\nUOpXnl9jX3W1OLOLE0Jltb7YidS9kRUCU+FHNdhwmVC3wQcDjCXdtgGy4jbKg2gx\nV6lPMEQBwRfy/75SlYab3Qo7TW3/ERrsVpHAT2M+VBao2JwPB3gqGxiSs0dvTXjo\ni04gvmagw3iGVDiDwT6qDRlBsLIgR7zR2TGilUDWMdIuw6ns7Gc+PZsvb8O482jI\n4QKCAQBBYJwDVwiUF6XL2Bhjl37eAIygsPO8Bbk/1is6r41d9nIVNSdlyEt066DN\nB1cRwXi+V3T3tKhU16kusSusjs7Spn8spDnDJqj99sO2p70kUvPzr+F1VkZzXYHS\n/0SGR+CHj/5bFphgUlUGrnU85jX4ZCnICHMmlowaFuWe4ff4A+08JbMDfz40Jzp9\nvmQeOsku9adXc6R1wdmlxBofuv+S2MdhH7yNEQ1/+lh5yNiNUH3mUnAmhrSCyEqe\nVRMfZzFWuAh7eJGeRaYMnzVdPTlr9WD+U1uk27XnVt795gJFv30+lRRpwFzSOTRT\nKxaaNfIYAQdUlXTJToKNfHnUT2k/\n-----END PRIVATE KEY-----\n",
            "public_key_fingerprint_md5": "bf:dc:ab:34:4d:dd:34:5e:a8:14:15:36:ca:51:29:23",
            "public_key_fingerprint_sha256": "SHA256:Wsc+Z/ik1xgJvCt6nDm9kVByGnP0lr1lVjbmQ3xwfKg",
            "public_key_openssh": "ssh-rsa AAAAB3NzaC1yc2EAAAADAQABAAACAQDOc4xHU1beM3TOq/Ge9w8SqkHw+FylLbDyIHwolfd1Q30xrdEYiEkwq2d/uD3yiEswwNOc6AIsUTgC4y6+A5cqZmDCTs4aOXJqmkF69xWX31E/Q2QXYZcFKsb3ZGDSzxYGoyJpLDxnerju1K9qI/BtqibP/Wr3wpBvX4twAZ5RQUaLvEOgqrtmGM7i9KtEkSE0xfJxQg7afz+G6bNJzXTBVTQTW6DqC2bjoaoMnu3+8y/4VbofcDnApN6czYegYl+lU4fbbOgsM2vY/TwKH6Ml8GDqeRkawSSkH22mJ15iK65dqD+xkjjebF00yTChQtsDiOFXpU8pmEdOrzJOS0C8oAxgYxtdm0qEt7vPmIQWTpxaDVnPpoU1V9Yu1FYBvAXrQmRpjKY5SwHWnPMJZHYKL2d40b5+90euqRSn4iWYO2Ix0nv0uyqrHEccpB1wJ7aAnWOQwGgKzlYeC2uLaEdaYNgEghf7AgTzAraa3ppGDzQuIm+fz1kQ+6XNDGAnajKPazqQxHCSrGU/Eenfc9pbqIIJyFLEAZn9UZeEd93R5cbpVTpri06Y0Jdrp4Iek0AEvAlFVcNjnDuItn9NQdVS1XgO0dhtgbiXMPSQ25m4//mFvjyuVWHYhjjd28feH4kboL0x3j/RH3qlPEnHcTcq5Pgm3EKzT125SQ9q6D9qqw==\n",
            "public_key_pem": "-----BEGIN PUBLIC KEY-----\nMIICIjANBgkqhkiG9w0BAQEFAAOCAg8AMIICCgKCAgEAznOMR1NW3jN0zqvxnvcP\nEqpB8PhcpS2w8iB8KJX3dUN9Ma3RGIhJMKtnf7g98ohLMMDTnOgCLFE4AuMuvgOX\nKmZgwk7OGjlyappBevcVl99RP0NkF2GXBSrG92Rg0s8WBqMiaSw8Z3q47tSvaiPw\nbaomz/1q98KQb1+LcAGeUUFGi7xDoKq7ZhjO4vSrRJEhNMXycUIO2n8/humzSc10\nwVU0E1ug6gtm46GqDJ7t/vMv+FW6H3A5wKTenM2HoGJfpVOH22zoLDNr2P08Ch+j\nJfBg6nkZGsEkpB9tpideYiuuXag/sZI43mxdNMkwoULbA4jhV6VPKZhHTq8yTktA\nvKAMYGMbXZtKhLe7z5iEFk6cWg1Zz6aFNVfWLtRWAbwF60JkaYymOUsB1pzzCWR2\nCi9neNG+fvdHrqkUp+IlmDtiMdJ79LsqqxxHHKQdcCe2gJ1jkMBoCs5WHgtri2hH\nWmDYBIIX+wIE8wK2mt6aRg80LiJvn89ZEPulzQxgJ2oyj2s6kMRwkqxlPxHp33Pa\nW6iCCchSxAGZ/VGXhHfd0eXG6VU6a4tOmNCXa6eCHpNABLwJRVXDY5w7iLZ/TUHV\nUtV4DtHYbYG4lzD0kNuZuP/5hb48rlVh2IY43dvH3h+JG6C9Md4/0R96pTxJx3E3\nKuT4JtxCs09duUkPaug/aqsCAwEAAQ==\n-----END PUBLIC KEY-----\n",
            "rsa_bits": 4096
          },
          "sensitive_attributes": [
            [
              {
                "type": "get_attr",
                "value": "private_key_openssh"
              }
            ],
            [
              {
                "type": "get_attr",
                "value": "private_key_pem"
              }
            ],
            [
              {
                "type": "get_attr",
                "value": "private_key_pem_pkcs8"
              }
            ]
          ],
          "identity_schema_version": 0
        }
      ]
    }
  ],
  "check_results": null
}
